// !$*UTF8*$!
{
	archiveVersion = 1;
	classes = {
	};
	objectVersion = 46;
	objects = {

/* Begin PBXBuildFile section */
		24700B2B15B8229D00FA5843 /* UITableViewController+_FGYClickWheelDelegate.h in Headers */ = {isa = PBXBuildFile; fileRef = 24700B2915B8229D00FA5843 /* UITableViewController+_FGYClickWheelDelegate.h */; };
		24700B2C15B8229D00FA5843 /* UITableViewController+_FGYClickWheelDelegate.m in Sources */ = {isa = PBXBuildFile; fileRef = 24700B2A15B8229D00FA5843 /* UITableViewController+_FGYClickWheelDelegate.m */; };
		24700BF715B83ED900FA5843 /* libDCTKit.a in Frameworks */ = {isa = PBXBuildFile; fileRef = 24700BD315B83EA300FA5843 /* libDCTKit.a */; };
		24700BF815B83EDF00FA5843 /* DCTKit.bundle in Resources */ = {isa = PBXBuildFile; fileRef = 24700BD515B83EA300FA5843 /* DCTKit.bundle */; };
		24700BFA15B83EF400FA5843 /* CoreData.framework in Frameworks */ = {isa = PBXBuildFile; fileRef = 24700BF915B83EF400FA5843 /* CoreData.framework */; };
		24700BFC15B83F0400FA5843 /* QuartzCore.framework in Frameworks */ = {isa = PBXBuildFile; fileRef = 24700BFB15B83F0400FA5843 /* QuartzCore.framework */; };
		24B967AA15B85C40009F142C /* libDCTMusicModel.a in Frameworks */ = {isa = PBXBuildFile; fileRef = 24B9679C15B85BB0009F142C /* libDCTMusicModel.a */; };
		24B967AB15B85C45009F142C /* DCTMusicModel.bundle in Resources */ = {isa = PBXBuildFile; fileRef = 24B9679E15B85BB0009F142C /* DCTMusicModel.bundle */; };
		24B967AE15B85D0B009F142C /* MenuViewController.m in Sources */ = {isa = PBXBuildFile; fileRef = 24B967AD15B85D0B009F142C /* MenuViewController.m */; };
		24B967CE15B86168009F142C /* SongsViewController.m in Sources */ = {isa = PBXBuildFile; fileRef = 24B967CD15B86168009F142C /* SongsViewController.m */; };
		24B967D115B86E04009F142C /* ArtistsViewController.m in Sources */ = {isa = PBXBuildFile; fileRef = 24B967D015B86E04009F142C /* ArtistsViewController.m */; };
		24B967D515B87601009F142C /* Icon.png in Resources */ = {isa = PBXBuildFile; fileRef = 24B967D415B87601009F142C /* Icon.png */; };
		24B967D715B87604009F142C /* Icon@2x.png in Resources */ = {isa = PBXBuildFile; fileRef = 24B967D615B87604009F142C /* Icon@2x.png */; };
		24B9682515B88350009F142C /* NowPlayingViewController.m in Sources */ = {isa = PBXBuildFile; fileRef = 24B9682415B88350009F142C /* NowPlayingViewController.m */; };
		24B9682815B8837A009F142C /* FGYTickingLabel.h in Headers */ = {isa = PBXBuildFile; fileRef = 24B9682615B8837A009F142C /* FGYTickingLabel.h */; settings = {ATTRIBUTES = (Public, ); }; };
		24B9682915B8837A009F142C /* FGYTickingLabel.m in Sources */ = {isa = PBXBuildFile; fileRef = 24B9682715B8837A009F142C /* FGYTickingLabel.m */; };
		24B9682C15B8848D009F142C /* NowPlayingViewController.xib in Resources */ = {isa = PBXBuildFile; fileRef = 24B9682B15B8848D009F142C /* NowPlayingViewController.xib */; };
		24B9689915B8878E009F142C /* PlaybackTimeView.m in Sources */ = {isa = PBXBuildFile; fileRef = 24B9689815B8878E009F142C /* PlaybackTimeView.m */; };
		24E8FF2415B756C400240A87 /* Foundation.framework in Frameworks */ = {isa = PBXBuildFile; fileRef = 24E8FF2315B756C400240A87 /* Foundation.framework */; };
		24E8FF2B15B756C500240A87 /* Fourgy.m in Sources */ = {isa = PBXBuildFile; fileRef = 24E8FF2A15B756C500240A87 /* Fourgy.m */; };
		24E8FF3B15B756FB00240A87 /* FGYBatteryLevelView.m in Sources */ = {isa = PBXBuildFile; fileRef = 24E8FF3615B756FB00240A87 /* FGYBatteryLevelView.m */; };
		24E8FF3C15B756FB00240A87 /* FGYClickWheel.m in Sources */ = {isa = PBXBuildFile; fileRef = 24E8FF3815B756FB00240A87 /* FGYClickWheel.m */; };
		24E8FF3D15B756FB00240A87 /* FGYController.m in Sources */ = {isa = PBXBuildFile; fileRef = 24E8FF3A15B756FB00240A87 /* FGYController.m */; };
		24E8FF4015B7570D00240A87 /* Fourgy.h in Headers */ = {isa = PBXBuildFile; fileRef = 24E8FF2815B756C500240A87 /* Fourgy.h */; settings = {ATTRIBUTES = (Public, ); }; };
		24E8FF4115B7571000240A87 /* FGYController.h in Headers */ = {isa = PBXBuildFile; fileRef = 24E8FF3915B756FB00240A87 /* FGYController.h */; settings = {ATTRIBUTES = (Public, ); }; };
		24E8FF4215B7571200240A87 /* FGYBatteryLevelView.h in Headers */ = {isa = PBXBuildFile; fileRef = 24E8FF3515B756FB00240A87 /* FGYBatteryLevelView.h */; };
		24E8FF4315B7571400240A87 /* FGYClickWheel.h in Headers */ = {isa = PBXBuildFile; fileRef = 24E8FF3715B756FB00240A87 /* FGYClickWheel.h */; settings = {ATTRIBUTES = (Public, ); }; };
		24E8FF4A15B7572900240A87 /* CoreFoundation.framework in Frameworks */ = {isa = PBXBuildFile; fileRef = 24E8FF4915B7572900240A87 /* CoreFoundation.framework */; };
		24E8FF5015B7572900240A87 /* InfoPlist.strings in Resources */ = {isa = PBXBuildFile; fileRef = 24E8FF4E15B7572900240A87 /* InfoPlist.strings */; };
		24E8FF5615B7574100240A87 /* Chicago.ttf in Resources */ = {isa = PBXBuildFile; fileRef = 24E8FF5515B7574100240A87 /* Chicago.ttf */; };
		24E8FF5E15B757B700240A87 /* UIKit.framework in Frameworks */ = {isa = PBXBuildFile; fileRef = 24E8FF5D15B757B700240A87 /* UIKit.framework */; };
		24E8FF5F15B757B700240A87 /* Foundation.framework in Frameworks */ = {isa = PBXBuildFile; fileRef = 24E8FF2315B756C400240A87 /* Foundation.framework */; };
		24E8FF6115B757B700240A87 /* CoreGraphics.framework in Frameworks */ = {isa = PBXBuildFile; fileRef = 24E8FF6015B757B700240A87 /* CoreGraphics.framework */; };
		24E8FF6715B757B700240A87 /* InfoPlist.strings in Resources */ = {isa = PBXBuildFile; fileRef = 24E8FF6515B757B700240A87 /* InfoPlist.strings */; };
		24E8FF6915B757B700240A87 /* main.m in Sources */ = {isa = PBXBuildFile; fileRef = 24E8FF6815B757B700240A87 /* main.m */; };
		24E8FF6D15B757B700240A87 /* AppDelegate.m in Sources */ = {isa = PBXBuildFile; fileRef = 24E8FF6C15B757B700240A87 /* AppDelegate.m */; };
		24E8FF7415B7586500240A87 /* libFourgy.a in Frameworks */ = {isa = PBXBuildFile; fileRef = 24E8FF2015B756C400240A87 /* libFourgy.a */; };
		24E8FF7515B7586A00240A87 /* Fourgy.bundle in Resources */ = {isa = PBXBuildFile; fileRef = 24E8FF4815B7572900240A87 /* Fourgy.bundle */; };
		24E8FF7715B7587D00240A87 /* CoreText.framework in Frameworks */ = {isa = PBXBuildFile; fileRef = 24E8FF7615B7587D00240A87 /* CoreText.framework */; };
		24E8FF7815B7588200240A87 /* UIKit.framework in Frameworks */ = {isa = PBXBuildFile; fileRef = 24E8FF5D15B757B700240A87 /* UIKit.framework */; };
		24E8FF7915B7588E00240A87 /* CoreText.framework in Frameworks */ = {isa = PBXBuildFile; fileRef = 24E8FF7615B7587D00240A87 /* CoreText.framework */; };
		24E8FF8915B75C5C00240A87 /* click.wav in Resources */ = {isa = PBXBuildFile; fileRef = 24E8FF8815B75C5C00240A87 /* click.wav */; };
		24E8FF9215B75FFE00240A87 /* AudioToolbox.framework in Frameworks */ = {isa = PBXBuildFile; fileRef = 24E8FF9115B75FFE00240A87 /* AudioToolbox.framework */; };
		24E8FF9315B7600A00240A87 /* AudioToolbox.framework in Frameworks */ = {isa = PBXBuildFile; fileRef = 24E8FF9115B75FFE00240A87 /* AudioToolbox.framework */; };
		24E8FF9515B7606E00240A87 /* FGYController.xib in Resources */ = {isa = PBXBuildFile; fileRef = 24E8FF9415B7606000240A87 /* FGYController.xib */; };
		24E8FF9E15B76D0300240A87 /* Default.png in Resources */ = {isa = PBXBuildFile; fileRef = 24E8FF9D15B76D0200240A87 /* Default.png */; };
		24E8FFA015B76D0600240A87 /* Default@2x.png in Resources */ = {isa = PBXBuildFile; fileRef = 24E8FF9F15B76D0600240A87 /* Default@2x.png */; };
		24E8FFA715B7707400240A87 /* _FGYClickWheel.h in Headers */ = {isa = PBXBuildFile; fileRef = 24E8FFA615B7707400240A87 /* _FGYClickWheel.h */; };
		24E8FFAB15B776A000240A87 /* MediaPlayer.framework in Frameworks */ = {isa = PBXBuildFile; fileRef = 24E8FFAA15B776A000240A87 /* MediaPlayer.framework */; };
		24E8FFAE15B7793300240A87 /* MediaItemsViewController.m in Sources */ = {isa = PBXBuildFile; fileRef = 24E8FFAD15B7793300240A87 /* MediaItemsViewController.m */; };
		24FEF28115B88C6E00ADF18D /* FGYProgressView.h in Headers */ = {isa = PBXBuildFile; fileRef = 24FEF27F15B88C6E00ADF18D /* FGYProgressView.h */; settings = {ATTRIBUTES = (Public, ); }; };
		24FEF28215B88C6E00ADF18D /* FGYProgressView.m in Sources */ = {isa = PBXBuildFile; fileRef = 24FEF28015B88C6E00ADF18D /* FGYProgressView.m */; };
/* End PBXBuildFile section */

/* Begin PBXContainerItemProxy section */
		24700BD215B83EA300FA5843 /* PBXContainerItemProxy */ = {
			isa = PBXContainerItemProxy;
			containerPortal = 24700BC115B83EA300FA5843 /* DCTKit.xcodeproj */;
			proxyType = 2;
			remoteGlobalIDString = 2435B53D15A5CD3800F38962;
			remoteInfo = DCTKit;
		};
		24700BD415B83EA300FA5843 /* PBXContainerItemProxy */ = {
			isa = PBXContainerItemProxy;
			containerPortal = 24700BC115B83EA300FA5843 /* DCTKit.xcodeproj */;
			proxyType = 2;
			remoteGlobalIDString = 24700BB015B83DCF00FA5843;
			remoteInfo = DCTKitBundle;
		};
		24B9679B15B85BB0009F142C /* PBXContainerItemProxy */ = {
			isa = PBXContainerItemProxy;
			containerPortal = 24B9678915B85BB0009F142C /* DCTMusicModel.xcodeproj */;
			proxyType = 2;
			remoteGlobalIDString = 24700CA215B843E200FA5843;
			remoteInfo = DCTMusicModel;
		};
		24B9679D15B85BB0009F142C /* PBXContainerItemProxy */ = {
			isa = PBXContainerItemProxy;
			containerPortal = 24B9678915B85BB0009F142C /* DCTMusicModel.xcodeproj */;
			proxyType = 2;
			remoteGlobalIDString = 24700CB615B8495000FA5843;
			remoteInfo = DCTMusicModelBundle;
		};
		24B9679F15B85BB0009F142C /* PBXContainerItemProxy */ = {
			isa = PBXContainerItemProxy;
			containerPortal = 24B9678915B85BB0009F142C /* DCTMusicModel.xcodeproj */;
			proxyType = 2;
			remoteGlobalIDString = 24700D7915B8579C00FA5843;
			remoteInfo = DCTMusicModelApp;
		};
		24E8FF7A15B758A600240A87 /* PBXContainerItemProxy */ = {
			isa = PBXContainerItemProxy;
			containerPortal = 24E8FF1715B756C400240A87 /* Project object */;
			proxyType = 1;
			remoteGlobalIDString = 24E8FF4715B7572900240A87;
			remoteInfo = FourgyBundle;
		};
/* End PBXContainerItemProxy section */

/* Begin PBXFileReference section */
		24700B2915B8229D00FA5843 /* UITableViewController+_FGYClickWheelDelegate.h */ = {isa = PBXFileReference; fileEncoding = 4; lastKnownFileType = sourcecode.c.h; path = "UITableViewController+_FGYClickWheelDelegate.h"; sourceTree = "<group>"; };
		24700B2A15B8229D00FA5843 /* UITableViewController+_FGYClickWheelDelegate.m */ = {isa = PBXFileReference; fileEncoding = 4; lastKnownFileType = sourcecode.c.objc; path = "UITableViewController+_FGYClickWheelDelegate.m"; sourceTree = "<group>"; };
		24700BC115B83EA300FA5843 /* DCTKit.xcodeproj */ = {isa = PBXFileReference; lastKnownFileType = "wrapper.pb-project"; name = DCTKit.xcodeproj; path = DCTKit/DCTKit.xcodeproj; sourceTree = "<group>"; };
		24700BF915B83EF400FA5843 /* CoreData.framework */ = {isa = PBXFileReference; lastKnownFileType = wrapper.framework; name = CoreData.framework; path = System/Library/Frameworks/CoreData.framework; sourceTree = SDKROOT; };
		24700BFB15B83F0400FA5843 /* QuartzCore.framework */ = {isa = PBXFileReference; lastKnownFileType = wrapper.framework; name = QuartzCore.framework; path = System/Library/Frameworks/QuartzCore.framework; sourceTree = SDKROOT; };
		24B9678915B85BB0009F142C /* DCTMusicModel.xcodeproj */ = {isa = PBXFileReference; lastKnownFileType = "wrapper.pb-project"; name = DCTMusicModel.xcodeproj; path = DCTMusicModel/DCTMusicModel.xcodeproj; sourceTree = "<group>"; };
		24B967AC15B85D0B009F142C /* MenuViewController.h */ = {isa = PBXFileReference; fileEncoding = 4; lastKnownFileType = sourcecode.c.h; path = MenuViewController.h; sourceTree = "<group>"; };
		24B967AD15B85D0B009F142C /* MenuViewController.m */ = {isa = PBXFileReference; fileEncoding = 4; lastKnownFileType = sourcecode.c.objc; path = MenuViewController.m; sourceTree = "<group>"; };
		24B967CC15B86168009F142C /* SongsViewController.h */ = {isa = PBXFileReference; fileEncoding = 4; lastKnownFileType = sourcecode.c.h; path = SongsViewController.h; sourceTree = "<group>"; };
		24B967CD15B86168009F142C /* SongsViewController.m */ = {isa = PBXFileReference; fileEncoding = 4; lastKnownFileType = sourcecode.c.objc; path = SongsViewController.m; sourceTree = "<group>"; };
		24B967CF15B86E04009F142C /* ArtistsViewController.h */ = {isa = PBXFileReference; fileEncoding = 4; lastKnownFileType = sourcecode.c.h; path = ArtistsViewController.h; sourceTree = "<group>"; };
		24B967D015B86E04009F142C /* ArtistsViewController.m */ = {isa = PBXFileReference; fileEncoding = 4; lastKnownFileType = sourcecode.c.objc; path = ArtistsViewController.m; sourceTree = "<group>"; };
		24B967D415B87601009F142C /* Icon.png */ = {isa = PBXFileReference; lastKnownFileType = image.png; name = Icon.png; path = ../Icon.png; sourceTree = "<group>"; };
		24B967D615B87604009F142C /* Icon@2x.png */ = {isa = PBXFileReference; lastKnownFileType = image.png; name = "Icon@2x.png"; path = "../Icon@2x.png"; sourceTree = "<group>"; };
		24B9682315B88350009F142C /* NowPlayingViewController.h */ = {isa = PBXFileReference; fileEncoding = 4; lastKnownFileType = sourcecode.c.h; path = NowPlayingViewController.h; sourceTree = "<group>"; };
		24B9682415B88350009F142C /* NowPlayingViewController.m */ = {isa = PBXFileReference; fileEncoding = 4; lastKnownFileType = sourcecode.c.objc; path = NowPlayingViewController.m; sourceTree = "<group>"; };
		24B9682615B8837A009F142C /* FGYTickingLabel.h */ = {isa = PBXFileReference; fileEncoding = 4; lastKnownFileType = sourcecode.c.h; path = FGYTickingLabel.h; sourceTree = "<group>"; };
		24B9682715B8837A009F142C /* FGYTickingLabel.m */ = {isa = PBXFileReference; fileEncoding = 4; lastKnownFileType = sourcecode.c.objc; path = FGYTickingLabel.m; sourceTree = "<group>"; };
		24B9682B15B8848D009F142C /* NowPlayingViewController.xib */ = {isa = PBXFileReference; fileEncoding = 4; lastKnownFileType = file.xib; path = NowPlayingViewController.xib; sourceTree = "<group>"; };
		24B9689715B8878E009F142C /* PlaybackTimeView.h */ = {isa = PBXFileReference; fileEncoding = 4; lastKnownFileType = sourcecode.c.h; path = PlaybackTimeView.h; sourceTree = "<group>"; };
		24B9689815B8878E009F142C /* PlaybackTimeView.m */ = {isa = PBXFileReference; fileEncoding = 4; lastKnownFileType = sourcecode.c.objc; path = PlaybackTimeView.m; sourceTree = "<group>"; };
		24E8FF2015B756C400240A87 /* libFourgy.a */ = {isa = PBXFileReference; explicitFileType = archive.ar; includeInIndex = 0; path = libFourgy.a; sourceTree = BUILT_PRODUCTS_DIR; };
		24E8FF2315B756C400240A87 /* Foundation.framework */ = {isa = PBXFileReference; lastKnownFileType = wrapper.framework; name = Foundation.framework; path = System/Library/Frameworks/Foundation.framework; sourceTree = SDKROOT; };
		24E8FF2715B756C500240A87 /* Fourgy-Prefix.pch */ = {isa = PBXFileReference; lastKnownFileType = sourcecode.c.h; path = "Fourgy-Prefix.pch"; sourceTree = "<group>"; };
		24E8FF2815B756C500240A87 /* Fourgy.h */ = {isa = PBXFileReference; lastKnownFileType = sourcecode.c.h; path = Fourgy.h; sourceTree = "<group>"; };
		24E8FF2A15B756C500240A87 /* Fourgy.m */ = {isa = PBXFileReference; lastKnownFileType = sourcecode.c.objc; path = Fourgy.m; sourceTree = "<group>"; };
		24E8FF3515B756FB00240A87 /* FGYBatteryLevelView.h */ = {isa = PBXFileReference; fileEncoding = 4; lastKnownFileType = sourcecode.c.h; path = FGYBatteryLevelView.h; sourceTree = "<group>"; };
		24E8FF3615B756FB00240A87 /* FGYBatteryLevelView.m */ = {isa = PBXFileReference; fileEncoding = 4; lastKnownFileType = sourcecode.c.objc; path = FGYBatteryLevelView.m; sourceTree = "<group>"; };
		24E8FF3715B756FB00240A87 /* FGYClickWheel.h */ = {isa = PBXFileReference; fileEncoding = 4; lastKnownFileType = sourcecode.c.h; path = FGYClickWheel.h; sourceTree = "<group>"; };
		24E8FF3815B756FB00240A87 /* FGYClickWheel.m */ = {isa = PBXFileReference; fileEncoding = 4; lastKnownFileType = sourcecode.c.objc; path = FGYClickWheel.m; sourceTree = "<group>"; };
		24E8FF3915B756FB00240A87 /* FGYController.h */ = {isa = PBXFileReference; fileEncoding = 4; lastKnownFileType = sourcecode.c.h; path = FGYController.h; sourceTree = "<group>"; };
		24E8FF3A15B756FB00240A87 /* FGYController.m */ = {isa = PBXFileReference; fileEncoding = 4; lastKnownFileType = sourcecode.c.objc; path = FGYController.m; sourceTree = "<group>"; };
		24E8FF4815B7572900240A87 /* Fourgy.bundle */ = {isa = PBXFileReference; explicitFileType = wrapper.cfbundle; includeInIndex = 0; path = Fourgy.bundle; sourceTree = BUILT_PRODUCTS_DIR; };
		24E8FF4915B7572900240A87 /* CoreFoundation.framework */ = {isa = PBXFileReference; lastKnownFileType = wrapper.framework; name = CoreFoundation.framework; path = System/Library/Frameworks/CoreFoundation.framework; sourceTree = SDKROOT; };
		24E8FF4D15B7572900240A87 /* FourgyBundle-Info.plist */ = {isa = PBXFileReference; lastKnownFileType = text.plist.xml; path = "FourgyBundle-Info.plist"; sourceTree = "<group>"; };
		24E8FF4F15B7572900240A87 /* en */ = {isa = PBXFileReference; lastKnownFileType = text.plist.strings; name = en; path = en.lproj/InfoPlist.strings; sourceTree = "<group>"; };
		24E8FF5115B7572900240A87 /* FourgyBundle-Prefix.pch */ = {isa = PBXFileReference; lastKnownFileType = sourcecode.c.h; path = "FourgyBundle-Prefix.pch"; sourceTree = "<group>"; };
		24E8FF5515B7574100240A87 /* Chicago.ttf */ = {isa = PBXFileReference; lastKnownFileType = file; path = Chicago.ttf; sourceTree = "<group>"; };
		24E8FF5B15B757B700240A87 /* Fourgy.app */ = {isa = PBXFileReference; explicitFileType = wrapper.application; includeInIndex = 0; path = Fourgy.app; sourceTree = BUILT_PRODUCTS_DIR; };
		24E8FF5D15B757B700240A87 /* UIKit.framework */ = {isa = PBXFileReference; lastKnownFileType = wrapper.framework; name = UIKit.framework; path = System/Library/Frameworks/UIKit.framework; sourceTree = SDKROOT; };
		24E8FF6015B757B700240A87 /* CoreGraphics.framework */ = {isa = PBXFileReference; lastKnownFileType = wrapper.framework; name = CoreGraphics.framework; path = System/Library/Frameworks/CoreGraphics.framework; sourceTree = SDKROOT; };
		24E8FF6415B757B700240A87 /* FourgyApp-Info.plist */ = {isa = PBXFileReference; lastKnownFileType = text.plist.xml; path = "FourgyApp-Info.plist"; sourceTree = "<group>"; };
		24E8FF6615B757B700240A87 /* en */ = {isa = PBXFileReference; lastKnownFileType = text.plist.strings; name = en; path = en.lproj/InfoPlist.strings; sourceTree = "<group>"; };
		24E8FF6815B757B700240A87 /* main.m */ = {isa = PBXFileReference; lastKnownFileType = sourcecode.c.objc; path = main.m; sourceTree = "<group>"; };
		24E8FF6A15B757B700240A87 /* FourgyApp-Prefix.pch */ = {isa = PBXFileReference; lastKnownFileType = sourcecode.c.h; path = "FourgyApp-Prefix.pch"; sourceTree = "<group>"; };
		24E8FF6B15B757B700240A87 /* AppDelegate.h */ = {isa = PBXFileReference; lastKnownFileType = sourcecode.c.h; path = AppDelegate.h; sourceTree = "<group>"; };
		24E8FF6C15B757B700240A87 /* AppDelegate.m */ = {isa = PBXFileReference; lastKnownFileType = sourcecode.c.objc; path = AppDelegate.m; sourceTree = "<group>"; };
		24E8FF7615B7587D00240A87 /* CoreText.framework */ = {isa = PBXFileReference; lastKnownFileType = wrapper.framework; name = CoreText.framework; path = System/Library/Frameworks/CoreText.framework; sourceTree = SDKROOT; };
		24E8FF8815B75C5C00240A87 /* click.wav */ = {isa = PBXFileReference; lastKnownFileType = audio.wav; path = click.wav; sourceTree = "<group>"; };
		24E8FF9115B75FFE00240A87 /* AudioToolbox.framework */ = {isa = PBXFileReference; lastKnownFileType = wrapper.framework; name = AudioToolbox.framework; path = System/Library/Frameworks/AudioToolbox.framework; sourceTree = SDKROOT; };
		24E8FF9415B7606000240A87 /* FGYController.xib */ = {isa = PBXFileReference; fileEncoding = 4; lastKnownFileType = file.xib; path = FGYController.xib; sourceTree = "<group>"; };
		24E8FF9D15B76D0200240A87 /* Default.png */ = {isa = PBXFileReference; lastKnownFileType = image.png; name = Default.png; path = ../Default.png; sourceTree = "<group>"; };
		24E8FF9F15B76D0600240A87 /* Default@2x.png */ = {isa = PBXFileReference; lastKnownFileType = image.png; name = "Default@2x.png"; path = "../Default@2x.png"; sourceTree = "<group>"; };
		24E8FFA615B7707400240A87 /* _FGYClickWheel.h */ = {isa = PBXFileReference; fileEncoding = 4; lastKnownFileType = sourcecode.c.h; path = _FGYClickWheel.h; sourceTree = "<group>"; };
		24E8FFAA15B776A000240A87 /* MediaPlayer.framework */ = {isa = PBXFileReference; lastKnownFileType = wrapper.framework; name = MediaPlayer.framework; path = System/Library/Frameworks/MediaPlayer.framework; sourceTree = SDKROOT; };
		24E8FFAC15B7793300240A87 /* MediaItemsViewController.h */ = {isa = PBXFileReference; fileEncoding = 4; lastKnownFileType = sourcecode.c.h; path = MediaItemsViewController.h; sourceTree = "<group>"; };
		24E8FFAD15B7793300240A87 /* MediaItemsViewController.m */ = {isa = PBXFileReference; fileEncoding = 4; lastKnownFileType = sourcecode.c.objc; path = MediaItemsViewController.m; sourceTree = "<group>"; };
		24FEF27F15B88C6E00ADF18D /* FGYProgressView.h */ = {isa = PBXFileReference; fileEncoding = 4; lastKnownFileType = sourcecode.c.h; path = FGYProgressView.h; sourceTree = "<group>"; };
		24FEF28015B88C6E00ADF18D /* FGYProgressView.m */ = {isa = PBXFileReference; fileEncoding = 4; lastKnownFileType = sourcecode.c.objc; path = FGYProgressView.m; sourceTree = "<group>"; };
/* End PBXFileReference section */

/* Begin PBXFrameworksBuildPhase section */
		24E8FF1D15B756C400240A87 /* Frameworks */ = {
			isa = PBXFrameworksBuildPhase;
			buildActionMask = 2147483647;
			files = (
				24E8FF9215B75FFE00240A87 /* AudioToolbox.framework in Frameworks */,
				24E8FF7815B7588200240A87 /* UIKit.framework in Frameworks */,
				24E8FF7715B7587D00240A87 /* CoreText.framework in Frameworks */,
				24E8FF2415B756C400240A87 /* Foundation.framework in Frameworks */,
			);
			runOnlyForDeploymentPostprocessing = 0;
		};
		24E8FF4515B7572900240A87 /* Frameworks */ = {
			isa = PBXFrameworksBuildPhase;
			buildActionMask = 2147483647;
			files = (
				24E8FF4A15B7572900240A87 /* CoreFoundation.framework in Frameworks */,
			);
			runOnlyForDeploymentPostprocessing = 0;
		};
		24E8FF5815B757B700240A87 /* Frameworks */ = {
			isa = PBXFrameworksBuildPhase;
			buildActionMask = 2147483647;
			files = (
				24700BF715B83ED900FA5843 /* libDCTKit.a in Frameworks */,
				24B967AA15B85C40009F142C /* libDCTMusicModel.a in Frameworks */,
				24E8FF7415B7586500240A87 /* libFourgy.a in Frameworks */,
				24700BFC15B83F0400FA5843 /* QuartzCore.framework in Frameworks */,
				24700BFA15B83EF400FA5843 /* CoreData.framework in Frameworks */,
				24E8FFAB15B776A000240A87 /* MediaPlayer.framework in Frameworks */,
				24E8FF5E15B757B700240A87 /* UIKit.framework in Frameworks */,
				24E8FF5F15B757B700240A87 /* Foundation.framework in Frameworks */,
				24E8FF7915B7588E00240A87 /* CoreText.framework in Frameworks */,
				24E8FF6115B757B700240A87 /* CoreGraphics.framework in Frameworks */,
				24E8FF9315B7600A00240A87 /* AudioToolbox.framework in Frameworks */,
			);
			runOnlyForDeploymentPostprocessing = 0;
		};
/* End PBXFrameworksBuildPhase section */

/* Begin PBXGroup section */
		24700BC215B83EA300FA5843 /* Products */ = {
			isa = PBXGroup;
			children = (
				24700BD315B83EA300FA5843 /* libDCTKit.a */,
				24700BD515B83EA300FA5843 /* DCTKit.bundle */,
			);
			name = Products;
			sourceTree = "<group>";
		};
		24B9678A15B85BB0009F142C /* Products */ = {
			isa = PBXGroup;
			children = (
				24B9679C15B85BB0009F142C /* libDCTMusicModel.a */,
				24B9679E15B85BB0009F142C /* DCTMusicModel.bundle */,
				24B967A015B85BB0009F142C /* DCTMusicModelApp.app */,
			);
			name = Products;
			sourceTree = "<group>";
		};
		24E8FF1515B756C400240A87 = {
			isa = PBXGroup;
			children = (
				24E8FF2515B756C400240A87 /* Fourgy */,
				24E8FF4B15B7572900240A87 /* FourgyBundle */,
				24E8FF6215B757B700240A87 /* FourgyApp */,
				24E8FF2215B756C400240A87 /* Frameworks */,
				24E8FF2115B756C400240A87 /* Products */,
				24700BC115B83EA300FA5843 /* DCTKit.xcodeproj */,
				24B9678915B85BB0009F142C /* DCTMusicModel.xcodeproj */,
			);
			sourceTree = "<group>";
		};
		24E8FF2115B756C400240A87 /* Products */ = {
			isa = PBXGroup;
			children = (
				24E8FF2015B756C400240A87 /* libFourgy.a */,
				24E8FF4815B7572900240A87 /* Fourgy.bundle */,
				24E8FF5B15B757B700240A87 /* Fourgy.app */,
			);
			name = Products;
			sourceTree = "<group>";
		};
		24E8FF2215B756C400240A87 /* Frameworks */ = {
			isa = PBXGroup;
			children = (
				24700BFB15B83F0400FA5843 /* QuartzCore.framework */,
				24700BF915B83EF400FA5843 /* CoreData.framework */,
				24E8FFAA15B776A000240A87 /* MediaPlayer.framework */,
				24E8FF9115B75FFE00240A87 /* AudioToolbox.framework */,
				24E8FF7615B7587D00240A87 /* CoreText.framework */,
				24E8FF2315B756C400240A87 /* Foundation.framework */,
				24E8FF4915B7572900240A87 /* CoreFoundation.framework */,
				24E8FF5D15B757B700240A87 /* UIKit.framework */,
				24E8FF6015B757B700240A87 /* CoreGraphics.framework */,
			);
			name = Frameworks;
			sourceTree = "<group>";
		};
		24E8FF2515B756C400240A87 /* Fourgy */ = {
			isa = PBXGroup;
			children = (
				24E8FF2815B756C500240A87 /* Fourgy.h */,
				24E8FF2A15B756C500240A87 /* Fourgy.m */,
				24E8FF3515B756FB00240A87 /* FGYBatteryLevelView.h */,
				24E8FF3615B756FB00240A87 /* FGYBatteryLevelView.m */,
				24E8FF3715B756FB00240A87 /* FGYClickWheel.h */,
				24E8FFA615B7707400240A87 /* _FGYClickWheel.h */,
				24E8FF3815B756FB00240A87 /* FGYClickWheel.m */,
				24E8FF3915B756FB00240A87 /* FGYController.h */,
				24E8FF3A15B756FB00240A87 /* FGYController.m */,
				24E8FF9415B7606000240A87 /* FGYController.xib */,
				24700B2915B8229D00FA5843 /* UITableViewController+_FGYClickWheelDelegate.h */,
				24700B2A15B8229D00FA5843 /* UITableViewController+_FGYClickWheelDelegate.m */,
				24B9682615B8837A009F142C /* FGYTickingLabel.h */,
				24B9682715B8837A009F142C /* FGYTickingLabel.m */,
				24FEF27F15B88C6E00ADF18D /* FGYProgressView.h */,
				24FEF28015B88C6E00ADF18D /* FGYProgressView.m */,
				24E8FF2615B756C500240A87 /* Supporting Files */,
			);
			path = Fourgy;
			sourceTree = "<group>";
		};
		24E8FF2615B756C500240A87 /* Supporting Files */ = {
			isa = PBXGroup;
			children = (
				24E8FF2715B756C500240A87 /* Fourgy-Prefix.pch */,
			);
			name = "Supporting Files";
			sourceTree = "<group>";
		};
		24E8FF4B15B7572900240A87 /* FourgyBundle */ = {
			isa = PBXGroup;
			children = (
				24E8FF8815B75C5C00240A87 /* click.wav */,
				24E8FF5515B7574100240A87 /* Chicago.ttf */,
				24E8FF4C15B7572900240A87 /* Supporting Files */,
			);
			path = FourgyBundle;
			sourceTree = "<group>";
		};
		24E8FF4C15B7572900240A87 /* Supporting Files */ = {
			isa = PBXGroup;
			children = (
				24E8FF4D15B7572900240A87 /* FourgyBundle-Info.plist */,
				24E8FF4E15B7572900240A87 /* InfoPlist.strings */,
				24E8FF5115B7572900240A87 /* FourgyBundle-Prefix.pch */,
			);
			name = "Supporting Files";
			sourceTree = "<group>";
		};
		24E8FF6215B757B700240A87 /* FourgyApp */ = {
			isa = PBXGroup;
			children = (
				24E8FF6B15B757B700240A87 /* AppDelegate.h */,
				24E8FF6C15B757B700240A87 /* AppDelegate.m */,
				24B967AC15B85D0B009F142C /* MenuViewController.h */,
				24B967AD15B85D0B009F142C /* MenuViewController.m */,
				24B967CC15B86168009F142C /* SongsViewController.h */,
				24B967CD15B86168009F142C /* SongsViewController.m */,
				24B967CF15B86E04009F142C /* ArtistsViewController.h */,
				24B967D015B86E04009F142C /* ArtistsViewController.m */,
				24E8FFAC15B7793300240A87 /* MediaItemsViewController.h */,
				24E8FFAD15B7793300240A87 /* MediaItemsViewController.m */,
				24B9682315B88350009F142C /* NowPlayingViewController.h */,
				24B9682415B88350009F142C /* NowPlayingViewController.m */,
				24B9682B15B8848D009F142C /* NowPlayingViewController.xib */,
				24B9689715B8878E009F142C /* PlaybackTimeView.h */,
				24B9689815B8878E009F142C /* PlaybackTimeView.m */,
				24E8FF6315B757B700240A87 /* Supporting Files */,
			);
			path = FourgyApp;
			sourceTree = "<group>";
		};
		24E8FF6315B757B700240A87 /* Supporting Files */ = {
			isa = PBXGroup;
			children = (
				24B967D615B87604009F142C /* Icon@2x.png */,
				24B967D415B87601009F142C /* Icon.png */,
				24E8FF9D15B76D0200240A87 /* Default.png */,
				24E8FF9F15B76D0600240A87 /* Default@2x.png */,
				24E8FF6415B757B700240A87 /* FourgyApp-Info.plist */,
				24E8FF6515B757B700240A87 /* InfoPlist.strings */,
				24E8FF6815B757B700240A87 /* main.m */,
				24E8FF6A15B757B700240A87 /* FourgyApp-Prefix.pch */,
			);
			name = "Supporting Files";
			sourceTree = "<group>";
		};
/* End PBXGroup section */

/* Begin PBXHeadersBuildPhase section */
		24E8FF3F15B7570700240A87 /* Headers */ = {
			isa = PBXHeadersBuildPhase;
			buildActionMask = 2147483647;
			files = (
				24E8FF4015B7570D00240A87 /* Fourgy.h in Headers */,
				24E8FF4115B7571000240A87 /* FGYController.h in Headers */,
				24E8FF4315B7571400240A87 /* FGYClickWheel.h in Headers */,
				24B9682815B8837A009F142C /* FGYTickingLabel.h in Headers */,
				24FEF28115B88C6E00ADF18D /* FGYProgressView.h in Headers */,
				24E8FF4215B7571200240A87 /* FGYBatteryLevelView.h in Headers */,
				24E8FFA715B7707400240A87 /* _FGYClickWheel.h in Headers */,
				24700B2B15B8229D00FA5843 /* UITableViewController+_FGYClickWheelDelegate.h in Headers */,
			);
			runOnlyForDeploymentPostprocessing = 0;
		};
/* End PBXHeadersBuildPhase section */

/* Begin PBXNativeTarget section */
		24E8FF1F15B756C400240A87 /* Fourgy */ = {
			isa = PBXNativeTarget;
			buildConfigurationList = 24E8FF2E15B756C500240A87 /* Build configuration list for PBXNativeTarget "Fourgy" */;
			buildPhases = (
				24E8FF1C15B756C400240A87 /* Sources */,
				24E8FF1D15B756C400240A87 /* Frameworks */,
				24E8FF3F15B7570700240A87 /* Headers */,
			);
			buildRules = (
			);
			dependencies = (
				24E8FF7B15B758A600240A87 /* PBXTargetDependency */,
			);
			name = Fourgy;
			productName = Fourgy;
			productReference = 24E8FF2015B756C400240A87 /* libFourgy.a */;
			productType = "com.apple.product-type.library.static";
		};
		24E8FF4715B7572900240A87 /* FourgyBundle */ = {
			isa = PBXNativeTarget;
			buildConfigurationList = 24E8FF5215B7572900240A87 /* Build configuration list for PBXNativeTarget "FourgyBundle" */;
			buildPhases = (
				24E8FF4415B7572900240A87 /* Sources */,
				24E8FF4515B7572900240A87 /* Frameworks */,
				24E8FF4615B7572900240A87 /* Resources */,
			);
			buildRules = (
			);
			dependencies = (
			);
			name = FourgyBundle;
			productName = FourgyBundle;
			productReference = 24E8FF4815B7572900240A87 /* Fourgy.bundle */;
			productType = "com.apple.product-type.bundle";
		};
		24E8FF5A15B757B700240A87 /* FourgyApp */ = {
			isa = PBXNativeTarget;
			buildConfigurationList = 24E8FF6E15B757B700240A87 /* Build configuration list for PBXNativeTarget "FourgyApp" */;
			buildPhases = (
				24E8FF5715B757B700240A87 /* Sources */,
				24E8FF5815B757B700240A87 /* Frameworks */,
				24E8FF5915B757B700240A87 /* Resources */,
			);
			buildRules = (
			);
			dependencies = (
			);
			name = FourgyApp;
			productName = FourgyApp;
			productReference = 24E8FF5B15B757B700240A87 /* Fourgy.app */;
			productType = "com.apple.product-type.application";
		};
/* End PBXNativeTarget section */

/* Begin PBXProject section */
		24E8FF1715B756C400240A87 /* Project object */ = {
			isa = PBXProject;
			attributes = {
				LastUpgradeCheck = 0450;
				ORGANIZATIONNAME = "Daniel Tull";
			};
			buildConfigurationList = 24E8FF1A15B756C400240A87 /* Build configuration list for PBXProject "Fourgy" */;
			compatibilityVersion = "Xcode 3.2";
			developmentRegion = English;
			hasScannedForEncodings = 0;
			knownRegions = (
				en,
			);
			mainGroup = 24E8FF1515B756C400240A87;
			productRefGroup = 24E8FF2115B756C400240A87 /* Products */;
			projectDirPath = "";
			projectReferences = (
				{
					ProductGroup = 24700BC215B83EA300FA5843 /* Products */;
					ProjectRef = 24700BC115B83EA300FA5843 /* DCTKit.xcodeproj */;
				},
				{
					ProductGroup = 24B9678A15B85BB0009F142C /* Products */;
					ProjectRef = 24B9678915B85BB0009F142C /* DCTMusicModel.xcodeproj */;
				},
			);
			projectRoot = "";
			targets = (
				24E8FF1F15B756C400240A87 /* Fourgy */,
				24E8FF4715B7572900240A87 /* FourgyBundle */,
				24E8FF5A15B757B700240A87 /* FourgyApp */,
			);
		};
/* End PBXProject section */

/* Begin PBXReferenceProxy section */
		24700BD315B83EA300FA5843 /* libDCTKit.a */ = {
			isa = PBXReferenceProxy;
			fileType = archive.ar;
			path = libDCTKit.a;
			remoteRef = 24700BD215B83EA300FA5843 /* PBXContainerItemProxy */;
			sourceTree = BUILT_PRODUCTS_DIR;
		};
		24700BD515B83EA300FA5843 /* DCTKit.bundle */ = {
			isa = PBXReferenceProxy;
			fileType = wrapper.cfbundle;
			path = DCTKit.bundle;
			remoteRef = 24700BD415B83EA300FA5843 /* PBXContainerItemProxy */;
			sourceTree = BUILT_PRODUCTS_DIR;
		};
		24B9679C15B85BB0009F142C /* libDCTMusicModel.a */ = {
			isa = PBXReferenceProxy;
			fileType = archive.ar;
			path = libDCTMusicModel.a;
			remoteRef = 24B9679B15B85BB0009F142C /* PBXContainerItemProxy */;
			sourceTree = BUILT_PRODUCTS_DIR;
		};
		24B9679E15B85BB0009F142C /* DCTMusicModel.bundle */ = {
			isa = PBXReferenceProxy;
			fileType = wrapper.cfbundle;
			path = DCTMusicModel.bundle;
			remoteRef = 24B9679D15B85BB0009F142C /* PBXContainerItemProxy */;
			sourceTree = BUILT_PRODUCTS_DIR;
		};
		24B967A015B85BB0009F142C /* DCTMusicModelApp.app */ = {
			isa = PBXReferenceProxy;
			fileType = wrapper.application;
			path = DCTMusicModelApp.app;
			remoteRef = 24B9679F15B85BB0009F142C /* PBXContainerItemProxy */;
			sourceTree = BUILT_PRODUCTS_DIR;
		};
/* End PBXReferenceProxy section */

/* Begin PBXResourcesBuildPhase section */
		24E8FF4615B7572900240A87 /* Resources */ = {
			isa = PBXResourcesBuildPhase;
			buildActionMask = 2147483647;
			files = (
				24E8FF5015B7572900240A87 /* InfoPlist.strings in Resources */,
				24E8FF9515B7606E00240A87 /* FGYController.xib in Resources */,
				24E8FF5615B7574100240A87 /* Chicago.ttf in Resources */,
				24E8FF8915B75C5C00240A87 /* click.wav in Resources */,
			);
			runOnlyForDeploymentPostprocessing = 0;
		};
		24E8FF5915B757B700240A87 /* Resources */ = {
			isa = PBXResourcesBuildPhase;
			buildActionMask = 2147483647;
			files = (
				24E8FF6715B757B700240A87 /* InfoPlist.strings in Resources */,
				24700BF815B83EDF00FA5843 /* DCTKit.bundle in Resources */,
				24B967AB15B85C45009F142C /* DCTMusicModel.bundle in Resources */,
				24E8FF7515B7586A00240A87 /* Fourgy.bundle in Resources */,
				24E8FF9E15B76D0300240A87 /* Default.png in Resources */,
				24E8FFA015B76D0600240A87 /* Default@2x.png in Resources */,
				24B967D515B87601009F142C /* Icon.png in Resources */,
				24B967D715B87604009F142C /* Icon@2x.png in Resources */,
				24B9682C15B8848D009F142C /* NowPlayingViewController.xib in Resources */,
			);
			runOnlyForDeploymentPostprocessing = 0;
		};
/* End PBXResourcesBuildPhase section */

/* Begin PBXSourcesBuildPhase section */
		24E8FF1C15B756C400240A87 /* Sources */ = {
			isa = PBXSourcesBuildPhase;
			buildActionMask = 2147483647;
			files = (
				24E8FF2B15B756C500240A87 /* Fourgy.m in Sources */,
				24E8FF3B15B756FB00240A87 /* FGYBatteryLevelView.m in Sources */,
				24E8FF3C15B756FB00240A87 /* FGYClickWheel.m in Sources */,
				24E8FF3D15B756FB00240A87 /* FGYController.m in Sources */,
				24700B2C15B8229D00FA5843 /* UITableViewController+_FGYClickWheelDelegate.m in Sources */,
				24B9682915B8837A009F142C /* FGYTickingLabel.m in Sources */,
				24FEF28215B88C6E00ADF18D /* FGYProgressView.m in Sources */,
			);
			runOnlyForDeploymentPostprocessing = 0;
		};
		24E8FF4415B7572900240A87 /* Sources */ = {
			isa = PBXSourcesBuildPhase;
			buildActionMask = 2147483647;
			files = (
			);
			runOnlyForDeploymentPostprocessing = 0;
		};
		24E8FF5715B757B700240A87 /* Sources */ = {
			isa = PBXSourcesBuildPhase;
			buildActionMask = 2147483647;
			files = (
				24E8FF6915B757B700240A87 /* main.m in Sources */,
				24E8FF6D15B757B700240A87 /* AppDelegate.m in Sources */,
				24E8FFAE15B7793300240A87 /* MediaItemsViewController.m in Sources */,
				24B967AE15B85D0B009F142C /* MenuViewController.m in Sources */,
				24B967CE15B86168009F142C /* SongsViewController.m in Sources */,
				24B967D115B86E04009F142C /* ArtistsViewController.m in Sources */,
				24B9682515B88350009F142C /* NowPlayingViewController.m in Sources */,
				24B9689915B8878E009F142C /* PlaybackTimeView.m in Sources */,
			);
			runOnlyForDeploymentPostprocessing = 0;
		};
/* End PBXSourcesBuildPhase section */

/* Begin PBXTargetDependency section */
		24E8FF7B15B758A600240A87 /* PBXTargetDependency */ = {
			isa = PBXTargetDependency;
			target = 24E8FF4715B7572900240A87 /* FourgyBundle */;
			targetProxy = 24E8FF7A15B758A600240A87 /* PBXContainerItemProxy */;
		};
/* End PBXTargetDependency section */

/* Begin PBXVariantGroup section */
		24E8FF4E15B7572900240A87 /* InfoPlist.strings */ = {
			isa = PBXVariantGroup;
			children = (
				24E8FF4F15B7572900240A87 /* en */,
			);
			name = InfoPlist.strings;
			sourceTree = "<group>";
		};
		24E8FF6515B757B700240A87 /* InfoPlist.strings */ = {
			isa = PBXVariantGroup;
			children = (
				24E8FF6615B757B700240A87 /* en */,
			);
			name = InfoPlist.strings;
			sourceTree = "<group>";
		};
/* End PBXVariantGroup section */

/* Begin XCBuildConfiguration section */
		24E8FF2C15B756C500240A87 /* Debug */ = {
			isa = XCBuildConfiguration;
			buildSettings = {
				ALWAYS_SEARCH_USER_PATHS = NO;
				CLANG_CXX_LANGUAGE_STANDARD = "gnu++0x";
				CLANG_CXX_LIBRARY = "libc++";
				CLANG_ENABLE_OBJC_ARC = YES;
				CLANG_WARN__DUPLICATE_METHOD_MATCH = YES;
				COPY_PHASE_STRIP = NO;
				GCC_C_LANGUAGE_STANDARD = gnu99;
				GCC_DYNAMIC_NO_PIC = NO;
				GCC_OPTIMIZATION_LEVEL = 0;
				GCC_PREPROCESSOR_DEFINITIONS = (
					"DEBUG=1",
					"$(inherited)",
				);
				GCC_SYMBOLS_PRIVATE_EXTERN = NO;
				GCC_WARN_ABOUT_RETURN_TYPE = YES;
				GCC_WARN_UNINITIALIZED_AUTOS = YES;
				GCC_WARN_UNUSED_VARIABLE = YES;
				IPHONEOS_DEPLOYMENT_TARGET = 6.0;
				SDKROOT = iphoneos;
			};
			name = Debug;
		};
		24E8FF2D15B756C500240A87 /* Release */ = {
			isa = XCBuildConfiguration;
			buildSettings = {
				ALWAYS_SEARCH_USER_PATHS = NO;
				CLANG_CXX_LANGUAGE_STANDARD = "gnu++0x";
				CLANG_CXX_LIBRARY = "libc++";
				CLANG_ENABLE_OBJC_ARC = YES;
				CLANG_WARN__DUPLICATE_METHOD_MATCH = YES;
				COPY_PHASE_STRIP = YES;
				GCC_C_LANGUAGE_STANDARD = gnu99;
				GCC_WARN_ABOUT_RETURN_TYPE = YES;
				GCC_WARN_UNINITIALIZED_AUTOS = YES;
				GCC_WARN_UNUSED_VARIABLE = YES;
				IPHONEOS_DEPLOYMENT_TARGET = 6.0;
				SDKROOT = iphoneos;
				VALIDATE_PRODUCT = YES;
			};
			name = Release;
		};
		24E8FF2F15B756C500240A87 /* Debug */ = {
			isa = XCBuildConfiguration;
			buildSettings = {
				DSTROOT = /tmp/Fourgy.dst;
				GCC_PRECOMPILE_PREFIX_HEADER = YES;
				GCC_PREFIX_HEADER = "Fourgy/Fourgy-Prefix.pch";
				IPHONEOS_DEPLOYMENT_TARGET = 5.0;
				OTHER_LDFLAGS = "-ObjC";
				PRODUCT_NAME = "$(TARGET_NAME)";
				PUBLIC_HEADERS_FOLDER_PATH = "include/$(TARGET_NAME)";
				SKIP_INSTALL = YES;
			};
			name = Debug;
		};
		24E8FF3015B756C500240A87 /* Release */ = {
			isa = XCBuildConfiguration;
			buildSettings = {
				DSTROOT = /tmp/Fourgy.dst;
				GCC_PRECOMPILE_PREFIX_HEADER = YES;
				GCC_PREFIX_HEADER = "Fourgy/Fourgy-Prefix.pch";
				IPHONEOS_DEPLOYMENT_TARGET = 5.0;
				OTHER_LDFLAGS = "-ObjC";
				PRODUCT_NAME = "$(TARGET_NAME)";
				PUBLIC_HEADERS_FOLDER_PATH = "include/$(TARGET_NAME)";
				SKIP_INSTALL = YES;
			};
			name = Release;
		};
		24E8FF5315B7572900240A87 /* Debug */ = {
			isa = XCBuildConfiguration;
			buildSettings = {
				ARCHS = "$(ARCHS_STANDARD_32_BIT)";
				COMBINE_HIDPI_IMAGES = YES;
				GCC_ENABLE_OBJC_EXCEPTIONS = YES;
				GCC_PRECOMPILE_PREFIX_HEADER = YES;
				GCC_PREFIX_HEADER = "FourgyBundle/FourgyBundle-Prefix.pch";
				GCC_WARN_64_TO_32_BIT_CONVERSION = YES;
				INFOPLIST_FILE = "FourgyBundle/FourgyBundle-Info.plist";
				INSTALL_PATH = "$(LOCAL_LIBRARY_DIR)/Bundles";
				MACOSX_DEPLOYMENT_TARGET = 10.8;
				ONLY_ACTIVE_ARCH = YES;
				PRODUCT_NAME = Fourgy;
				SDKROOT = iphoneos;
				WRAPPER_EXTENSION = bundle;
			};
			name = Debug;
		};
		24E8FF5415B7572900240A87 /* Release */ = {
			isa = XCBuildConfiguration;
			buildSettings = {
				ARCHS = "$(ARCHS_STANDARD_32_BIT)";
				COMBINE_HIDPI_IMAGES = YES;
				DEBUG_INFORMATION_FORMAT = "dwarf-with-dsym";
				GCC_ENABLE_OBJC_EXCEPTIONS = YES;
				GCC_PRECOMPILE_PREFIX_HEADER = YES;
				GCC_PREFIX_HEADER = "FourgyBundle/FourgyBundle-Prefix.pch";
				GCC_WARN_64_TO_32_BIT_CONVERSION = YES;
				INFOPLIST_FILE = "FourgyBundle/FourgyBundle-Info.plist";
				INSTALL_PATH = "$(LOCAL_LIBRARY_DIR)/Bundles";
				MACOSX_DEPLOYMENT_TARGET = 10.8;
				PRODUCT_NAME = Fourgy;
				SDKROOT = iphoneos;
				WRAPPER_EXTENSION = bundle;
			};
			name = Release;
		};
		24E8FF6F15B757B700240A87 /* Debug */ = {
			isa = XCBuildConfiguration;
			buildSettings = {
				"CODE_SIGN_IDENTITY[sdk=iphoneos*]" = "iPhone Developer";
				GCC_PRECOMPILE_PREFIX_HEADER = YES;
				GCC_PREFIX_HEADER = "FourgyApp/FourgyApp-Prefix.pch";
				INFOPLIST_FILE = "FourgyApp/FourgyApp-Info.plist";
				IPHONEOS_DEPLOYMENT_TARGET = 5.0;
				OTHER_LDFLAGS = (
					"-ObjC",
					"-all_load",
				);
				PRODUCT_NAME = Fourgy;
				WRAPPER_EXTENSION = app;
			};
			name = Debug;
		};
		24E8FF7015B757B700240A87 /* Release */ = {
			isa = XCBuildConfiguration;
			buildSettings = {
				"CODE_SIGN_IDENTITY[sdk=iphoneos*]" = "iPhone Developer";
				GCC_PRECOMPILE_PREFIX_HEADER = YES;
				GCC_PREFIX_HEADER = "FourgyApp/FourgyApp-Prefix.pch";
				INFOPLIST_FILE = "FourgyApp/FourgyApp-Info.plist";
				IPHONEOS_DEPLOYMENT_TARGET = 5.0;
				OTHER_CFLAGS = "-DNS_BLOCK_ASSERTIONS=1";
				OTHER_LDFLAGS = (
					"-ObjC",
					"-all_load",
				);
				PRODUCT_NAME = Fourgy;
				WRAPPER_EXTENSION = app;
			};
			name = Release;
		};
/* End XCBuildConfiguration section */

/* Begin XCConfigurationList section */
		24E8FF1A15B756C400240A87 /* Build configuration list for PBXProject "Fourgy" */ = {
			isa = XCConfigurationList;
			buildConfigurations = (
				24E8FF2C15B756C500240A87 /* Debug */,
				24E8FF2D15B756C500240A87 /* Release */,
			);
			defaultConfigurationIsVisible = 0;
			defaultConfigurationName = Release;
		};
		24E8FF2E15B756C500240A87 /* Build configuration list for PBXNativeTarget "Fourgy" */ = {
			isa = XCConfigurationList;
			buildConfigurations = (
				24E8FF2F15B756C500240A87 /* Debug */,
				24E8FF3015B756C500240A87 /* Release */,
			);
			defaultConfigurationIsVisible = 0;
			defaultConfigurationName = Release;
		};
		24E8FF5215B7572900240A87 /* Build configuration list for PBXNativeTarget "FourgyBundle" */ = {
			isa = XCConfigurationList;
			buildConfigurations = (
				24E8FF5315B7572900240A87 /* Debug */,
				24E8FF5415B7572900240A87 /* Release */,
			);
			defaultConfigurationIsVisible = 0;
			defaultConfigurationName = Release;
		};
		24E8FF6E15B757B700240A87 /* Build configuration list for PBXNativeTarget "FourgyApp" */ = {
			isa = XCConfigurationList;
			buildConfigurations = (
				24E8FF6F15B757B700240A87 /* Debug */,
				24E8FF7015B757B700240A87 /* Release */,
			);
			defaultConfigurationIsVisible = 0;
			defaultConfigurationName = Release;
		};
/* End XCConfigurationList section */
	};
	rootObject = 24E8FF1715B756C400240A87 /* Project object */;
}
