// !$*UTF8*$!
{
	archiveVersion = 1;
	classes = {
	};
	objectVersion = 45;
	objects = {

/* Begin PBXBuildFile section */
		1D3623260D0F684500981E51 /* iPodAppDelegate.m in Sources */ = {isa = PBXBuildFile; fileRef = 1D3623250D0F684500981E51 /* iPodAppDelegate.m */; };
		1D60589B0D05DD56006BFB54 /* main.m in Sources */ = {isa = PBXBuildFile; fileRef = 29B97316FDCFA39411CA2CEA /* main.m */; };
		1D60589F0D05DD5A006BFB54 /* Foundation.framework in Frameworks */ = {isa = PBXBuildFile; fileRef = 1D30AB110D05D00D00671497 /* Foundation.framework */; };
		1DF5F4E00D08C38300B7A737 /* UIKit.framework in Frameworks */ = {isa = PBXBuildFile; fileRef = 1DF5F4DF0D08C38300B7A737 /* UIKit.framework */; };
		240821A5100F7460006EDE45 /* DTiPodBlockViewCell.m in Sources */ = {isa = PBXBuildFile; fileRef = 240821A4100F7460006EDE45 /* DTiPodBlockViewCell.m */; };
		240821AC100F75D3006EDE45 /* DTiPodViewController.m in Sources */ = {isa = PBXBuildFile; fileRef = 241CB974100BD9E300180B5F /* DTiPodViewController.m */; };
		240821B3100F7627006EDE45 /* DTScreenViewController.m in Sources */ = {isa = PBXBuildFile; fileRef = 240821B2100F7627006EDE45 /* DTScreenViewController.m */; };
		241741AB101B21F6009759F2 /* MPMediaItem+DTTrackNumber.m in Sources */ = {isa = PBXBuildFile; fileRef = 241741AA101B21F6009759F2 /* MPMediaItem+DTTrackNumber.m */; };
		2417429F101B481B009759F2 /* click.wav in Resources */ = {isa = PBXBuildFile; fileRef = 2417429E101B481B009759F2 /* click.wav */; };
		241742A7101B485F009759F2 /* AudioToolbox.framework in Frameworks */ = {isa = PBXBuildFile; fileRef = 241742A6101B485F009759F2 /* AudioToolbox.framework */; };
		241CB979100BDA0700180B5F /* DTiPodView.xib in Resources */ = {isa = PBXBuildFile; fileRef = 241CB978100BDA0700180B5F /* DTiPodView.xib */; };
		241CB99D100BE45800180B5F /* wheel.png in Resources */ = {isa = PBXBuildFile; fileRef = 241CB99C100BE45800180B5F /* wheel.png */; };
		241CBA10100BEEF200180B5F /* DTiPodBackGroundView.m in Sources */ = {isa = PBXBuildFile; fileRef = 241CBA0F100BEEF200180B5F /* DTiPodBackGroundView.m */; };
		241CBA33100BF13500180B5F /* DTiPodScreenView.m in Sources */ = {isa = PBXBuildFile; fileRef = 241CBA32100BF13500180B5F /* DTiPodScreenView.m */; };
		241CBA44100BF3A100180B5F /* DTClickWheelView.m in Sources */ = {isa = PBXBuildFile; fileRef = 241CBA43100BF3A100180B5F /* DTClickWheelView.m */; };
		241CBA7A100BFC9000180B5F /* Default.png in Resources */ = {isa = PBXBuildFile; fileRef = 241CBA79100BFC9000180B5F /* Default.png */; };
		241CBCA4100C9B3F00180B5F /* DTiPodNavigationBar.m in Sources */ = {isa = PBXBuildFile; fileRef = 241CBCA3100C9B3F00180B5F /* DTiPodNavigationBar.m */; };
		241CBDD2100CD11200180B5F /* MediaPlayer.framework in Frameworks */ = {isa = PBXBuildFile; fileRef = 241CBDD1100CD11200180B5F /* MediaPlayer.framework */; };
		241CBEB2100CFEF800180B5F /* MainMenu.plist in Resources */ = {isa = PBXBuildFile; fileRef = 241CBEB1100CFEF800180B5F /* MainMenu.plist */; };
		241CBEB6100CFF2F00180B5F /* MusicMenu.plist in Resources */ = {isa = PBXBuildFile; fileRef = 241CBEB5100CFF2F00180B5F /* MusicMenu.plist */; };
		241CBF69100D414500180B5F /* DTBatteryLevelView.m in Sources */ = {isa = PBXBuildFile; fileRef = 241CBF68100D414500180B5F /* DTBatteryLevelView.m */; };
		246AE000101997B8009FA983 /* Icon.png in Resources */ = {isa = PBXBuildFile; fileRef = 246ADFFF101997B8009FA983 /* Icon.png */; };
		248AE1F8100DC63E001864E6 /* DTGridView.m in Sources */ = {isa = PBXBuildFile; fileRef = 248AE1F0100DC63E001864E6 /* DTGridView.m */; };
		248AE1F9100DC63E001864E6 /* DTGridViewCell.m in Sources */ = {isa = PBXBuildFile; fileRef = 248AE1F2100DC63E001864E6 /* DTGridViewCell.m */; };
		248AE243100DCA8D001864E6 /* DTBlockView.m in Sources */ = {isa = PBXBuildFile; fileRef = 248AE242100DCA8D001864E6 /* DTBlockView.m */; };
		248C8BB8101A1CB400F4E8DD /* DTTickingLabel.m in Sources */ = {isa = PBXBuildFile; fileRef = 248C8BB4101A1CB400F4E8DD /* DTTickingLabel.m */; };
		249E45A5101900150084B4E2 /* DTPlayingScreenView.xib in Resources */ = {isa = PBXBuildFile; fileRef = 249E45A4101900150084B4E2 /* DTPlayingScreenView.xib */; };
		249E45AC101901DF0084B4E2 /* DTPlayingScreenViewController.m in Sources */ = {isa = PBXBuildFile; fileRef = 249E45AB101901DF0084B4E2 /* DTPlayingScreenViewController.m */; };
		24F662AA1013AF2200437934 /* DTScreenView.xib in Resources */ = {isa = PBXBuildFile; fileRef = 24F662A91013AF2200437934 /* DTScreenView.xib */; };
		24F96B8B10191A0C00829FF9 /* DTPlaybackTimeView.m in Sources */ = {isa = PBXBuildFile; fileRef = 24F96B8A10191A0C00829FF9 /* DTPlaybackTimeView.m */; };
		288765FD0DF74451002DB57D /* CoreGraphics.framework in Frameworks */ = {isa = PBXBuildFile; fileRef = 288765FC0DF74451002DB57D /* CoreGraphics.framework */; };
		28AD733F0D9D9553002E5188 /* MainWindow.xib in Resources */ = {isa = PBXBuildFile; fileRef = 28AD733E0D9D9553002E5188 /* MainWindow.xib */; };
/* End PBXBuildFile section */

/* Begin PBXFileReference section */
		1D30AB110D05D00D00671497 /* Foundation.framework */ = {isa = PBXFileReference; lastKnownFileType = wrapper.framework; name = Foundation.framework; path = System/Library/Frameworks/Foundation.framework; sourceTree = SDKROOT; };
		1D3623240D0F684500981E51 /* iPodAppDelegate.h */ = {isa = PBXFileReference; fileEncoding = 4; lastKnownFileType = sourcecode.c.h; path = iPodAppDelegate.h; sourceTree = "<group>"; };
		1D3623250D0F684500981E51 /* iPodAppDelegate.m */ = {isa = PBXFileReference; fileEncoding = 4; lastKnownFileType = sourcecode.c.objc; path = iPodAppDelegate.m; sourceTree = "<group>"; };
		1D6058910D05DD3D006BFB54 /* iPod.app */ = {isa = PBXFileReference; explicitFileType = wrapper.application; includeInIndex = 0; path = iPod.app; sourceTree = BUILT_PRODUCTS_DIR; };
		1DF5F4DF0D08C38300B7A737 /* UIKit.framework */ = {isa = PBXFileReference; lastKnownFileType = wrapper.framework; name = UIKit.framework; path = System/Library/Frameworks/UIKit.framework; sourceTree = SDKROOT; };
		240821A3100F7460006EDE45 /* DTiPodBlockViewCell.h */ = {isa = PBXFileReference; fileEncoding = 4; lastKnownFileType = sourcecode.c.h; path = DTiPodBlockViewCell.h; sourceTree = "<group>"; };
		240821A4100F7460006EDE45 /* DTiPodBlockViewCell.m */ = {isa = PBXFileReference; fileEncoding = 4; lastKnownFileType = sourcecode.c.objc; path = DTiPodBlockViewCell.m; sourceTree = "<group>"; };
		240821B1100F7627006EDE45 /* DTScreenViewController.h */ = {isa = PBXFileReference; fileEncoding = 4; lastKnownFileType = sourcecode.c.h; path = DTScreenViewController.h; sourceTree = "<group>"; };
		240821B2100F7627006EDE45 /* DTScreenViewController.m */ = {isa = PBXFileReference; fileEncoding = 4; lastKnownFileType = sourcecode.c.objc; path = DTScreenViewController.m; sourceTree = "<group>"; };
		241741A9101B21F6009759F2 /* MPMediaItem+DTTrackNumber.h */ = {isa = PBXFileReference; fileEncoding = 4; lastKnownFileType = sourcecode.c.h; path = "MPMediaItem+DTTrackNumber.h"; sourceTree = "<group>"; };
		241741AA101B21F6009759F2 /* MPMediaItem+DTTrackNumber.m */ = {isa = PBXFileReference; fileEncoding = 4; lastKnownFileType = sourcecode.c.objc; path = "MPMediaItem+DTTrackNumber.m"; sourceTree = "<group>"; };
		2417429E101B481B009759F2 /* click.wav */ = {isa = PBXFileReference; lastKnownFileType = audio.wav; path = click.wav; sourceTree = "<group>"; };
		241742A6101B485F009759F2 /* AudioToolbox.framework */ = {isa = PBXFileReference; lastKnownFileType = wrapper.framework; name = AudioToolbox.framework; path = System/Library/Frameworks/AudioToolbox.framework; sourceTree = SDKROOT; };
		241CB973100BD9E300180B5F /* DTiPodViewController.h */ = {isa = PBXFileReference; fileEncoding = 4; lastKnownFileType = sourcecode.c.h; path = DTiPodViewController.h; sourceTree = "<group>"; };
		241CB974100BD9E300180B5F /* DTiPodViewController.m */ = {isa = PBXFileReference; fileEncoding = 4; lastKnownFileType = sourcecode.c.objc; path = DTiPodViewController.m; sourceTree = "<group>"; };
		241CB978100BDA0700180B5F /* DTiPodView.xib */ = {isa = PBXFileReference; lastKnownFileType = file.xib; path = DTiPodView.xib; sourceTree = "<group>"; };
		241CB992100BE25C00180B5F /* DTiPodTableViewCell.h */ = {isa = PBXFileReference; fileEncoding = 4; lastKnownFileType = sourcecode.c.h; path = DTiPodTableViewCell.h; sourceTree = "<group>"; };
		241CB993100BE25C00180B5F /* DTiPodTableViewCell.m */ = {isa = PBXFileReference; fileEncoding = 4; lastKnownFileType = sourcecode.c.objc; path = DTiPodTableViewCell.m; sourceTree = "<group>"; };
		241CB99C100BE45800180B5F /* wheel.png */ = {isa = PBXFileReference; lastKnownFileType = image.png; path = wheel.png; sourceTree = "<group>"; };
		241CBA0E100BEEF200180B5F /* DTiPodBackGroundView.h */ = {isa = PBXFileReference; fileEncoding = 4; lastKnownFileType = sourcecode.c.h; path = DTiPodBackGroundView.h; sourceTree = "<group>"; };
		241CBA0F100BEEF200180B5F /* DTiPodBackGroundView.m */ = {isa = PBXFileReference; fileEncoding = 4; lastKnownFileType = sourcecode.c.objc; path = DTiPodBackGroundView.m; sourceTree = "<group>"; };
		241CBA31100BF13500180B5F /* DTiPodScreenView.h */ = {isa = PBXFileReference; fileEncoding = 4; lastKnownFileType = sourcecode.c.h; path = DTiPodScreenView.h; sourceTree = "<group>"; };
		241CBA32100BF13500180B5F /* DTiPodScreenView.m */ = {isa = PBXFileReference; fileEncoding = 4; lastKnownFileType = sourcecode.c.objc; path = DTiPodScreenView.m; sourceTree = "<group>"; };
		241CBA42100BF3A100180B5F /* DTClickWheelView.h */ = {isa = PBXFileReference; fileEncoding = 4; lastKnownFileType = sourcecode.c.h; path = DTClickWheelView.h; sourceTree = "<group>"; };
		241CBA43100BF3A100180B5F /* DTClickWheelView.m */ = {isa = PBXFileReference; fileEncoding = 4; lastKnownFileType = sourcecode.c.objc; path = DTClickWheelView.m; sourceTree = "<group>"; };
		241CBA79100BFC9000180B5F /* Default.png */ = {isa = PBXFileReference; lastKnownFileType = image.png; path = Default.png; sourceTree = "<group>"; };
		241CBC49100C96A000180B5F /* DTScreenTableViewController.h */ = {isa = PBXFileReference; fileEncoding = 4; lastKnownFileType = sourcecode.c.h; path = DTScreenTableViewController.h; sourceTree = "<group>"; };
		241CBC4A100C96A000180B5F /* DTScreenTableViewController.m */ = {isa = PBXFileReference; fileEncoding = 4; lastKnownFileType = sourcecode.c.objc; path = DTScreenTableViewController.m; sourceTree = "<group>"; };
		241CBCA2100C9B3F00180B5F /* DTiPodNavigationBar.h */ = {isa = PBXFileReference; fileEncoding = 4; lastKnownFileType = sourcecode.c.h; path = DTiPodNavigationBar.h; sourceTree = "<group>"; };
		241CBCA3100C9B3F00180B5F /* DTiPodNavigationBar.m */ = {isa = PBXFileReference; fileEncoding = 4; lastKnownFileType = sourcecode.c.objc; path = DTiPodNavigationBar.m; sourceTree = "<group>"; };
		241CBDD1100CD11200180B5F /* MediaPlayer.framework */ = {isa = PBXFileReference; lastKnownFileType = wrapper.framework; name = MediaPlayer.framework; path = System/Library/Frameworks/MediaPlayer.framework; sourceTree = SDKROOT; };
		241CBEB1100CFEF800180B5F /* MainMenu.plist */ = {isa = PBXFileReference; fileEncoding = 4; lastKnownFileType = text.plist.xml; path = MainMenu.plist; sourceTree = "<group>"; };
		241CBEB5100CFF2F00180B5F /* MusicMenu.plist */ = {isa = PBXFileReference; fileEncoding = 4; lastKnownFileType = text.plist.xml; path = MusicMenu.plist; sourceTree = "<group>"; };
		241CBF67100D414500180B5F /* DTBatteryLevelView.h */ = {isa = PBXFileReference; fileEncoding = 4; lastKnownFileType = sourcecode.c.h; path = DTBatteryLevelView.h; sourceTree = "<group>"; };
		241CBF68100D414500180B5F /* DTBatteryLevelView.m */ = {isa = PBXFileReference; fileEncoding = 4; lastKnownFileType = sourcecode.c.objc; path = DTBatteryLevelView.m; sourceTree = "<group>"; };
		241E6115100F1C5F00A2199C /* DTBlockViewCellProtocol.h */ = {isa = PBXFileReference; fileEncoding = 4; lastKnownFileType = sourcecode.c.h; path = DTBlockViewCellProtocol.h; sourceTree = "<group>"; };
		246ADFFF101997B8009FA983 /* Icon.png */ = {isa = PBXFileReference; lastKnownFileType = image.png; path = Icon.png; sourceTree = "<group>"; };
		248AE1EF100DC63E001864E6 /* DTGridView.h */ = {isa = PBXFileReference; fileEncoding = 4; lastKnownFileType = sourcecode.c.h; path = DTGridView.h; sourceTree = "<group>"; };
		248AE1F0100DC63E001864E6 /* DTGridView.m */ = {isa = PBXFileReference; fileEncoding = 4; lastKnownFileType = sourcecode.c.objc; path = DTGridView.m; sourceTree = "<group>"; };
		248AE1F1100DC63E001864E6 /* DTGridViewCell.h */ = {isa = PBXFileReference; fileEncoding = 4; lastKnownFileType = sourcecode.c.h; path = DTGridViewCell.h; sourceTree = "<group>"; };
		248AE1F2100DC63E001864E6 /* DTGridViewCell.m */ = {isa = PBXFileReference; fileEncoding = 4; lastKnownFileType = sourcecode.c.objc; path = DTGridViewCell.m; sourceTree = "<group>"; };
		248AE1F3100DC63E001864E6 /* DTGridViewCellInfoProtocol.h */ = {isa = PBXFileReference; fileEncoding = 4; lastKnownFileType = sourcecode.c.h; path = DTGridViewCellInfoProtocol.h; sourceTree = "<group>"; };
		248AE241100DCA8D001864E6 /* DTBlockView.h */ = {isa = PBXFileReference; fileEncoding = 4; lastKnownFileType = sourcecode.c.h; path = DTBlockView.h; sourceTree = "<group>"; };
		248AE242100DCA8D001864E6 /* DTBlockView.m */ = {isa = PBXFileReference; fileEncoding = 4; lastKnownFileType = sourcecode.c.objc; path = DTBlockView.m; sourceTree = "<group>"; };
		248C8BB3101A1CB400F4E8DD /* DTTickingLabel.h */ = {isa = PBXFileReference; fileEncoding = 4; lastKnownFileType = sourcecode.c.h; path = DTTickingLabel.h; sourceTree = "<group>"; };
		248C8BB4101A1CB400F4E8DD /* DTTickingLabel.m */ = {isa = PBXFileReference; fileEncoding = 4; lastKnownFileType = sourcecode.c.objc; path = DTTickingLabel.m; sourceTree = "<group>"; };
		249E45A4101900150084B4E2 /* DTPlayingScreenView.xib */ = {isa = PBXFileReference; lastKnownFileType = file.xib; path = DTPlayingScreenView.xib; sourceTree = "<group>"; };
		249E45AA101901DF0084B4E2 /* DTPlayingScreenViewController.h */ = {isa = PBXFileReference; fileEncoding = 4; lastKnownFileType = sourcecode.c.h; path = DTPlayingScreenViewController.h; sourceTree = "<group>"; };
		249E45AB101901DF0084B4E2 /* DTPlayingScreenViewController.m */ = {isa = PBXFileReference; fileEncoding = 4; lastKnownFileType = sourcecode.c.objc; path = DTPlayingScreenViewController.m; sourceTree = "<group>"; };
		24F662A91013AF2200437934 /* DTScreenView.xib */ = {isa = PBXFileReference; lastKnownFileType = file.xib; path = DTScreenView.xib; sourceTree = "<group>"; };
		24F96B8910191A0C00829FF9 /* DTPlaybackTimeView.h */ = {isa = PBXFileReference; fileEncoding = 4; lastKnownFileType = sourcecode.c.h; path = DTPlaybackTimeView.h; sourceTree = "<group>"; };
		24F96B8A10191A0C00829FF9 /* DTPlaybackTimeView.m */ = {isa = PBXFileReference; fileEncoding = 4; lastKnownFileType = sourcecode.c.objc; path = DTPlaybackTimeView.m; sourceTree = "<group>"; };
		288765FC0DF74451002DB57D /* CoreGraphics.framework */ = {isa = PBXFileReference; lastKnownFileType = wrapper.framework; name = CoreGraphics.framework; path = System/Library/Frameworks/CoreGraphics.framework; sourceTree = SDKROOT; };
		28AD733E0D9D9553002E5188 /* MainWindow.xib */ = {isa = PBXFileReference; lastKnownFileType = file.xib; path = MainWindow.xib; sourceTree = "<group>"; };
		29B97316FDCFA39411CA2CEA /* main.m */ = {isa = PBXFileReference; fileEncoding = 4; lastKnownFileType = sourcecode.c.objc; path = main.m; sourceTree = "<group>"; };
		32CA4F630368D1EE00C91783 /* iPod_Prefix.pch */ = {isa = PBXFileReference; fileEncoding = 4; lastKnownFileType = sourcecode.c.h; path = iPod_Prefix.pch; sourceTree = "<group>"; };
		8D1107310486CEB800E47090 /* iPod-Info.plist */ = {isa = PBXFileReference; fileEncoding = 4; lastKnownFileType = text.plist.xml; path = "iPod-Info.plist"; plistStructureDefinitionIdentifier = "com.apple.xcode.plist.structure-definition.iphone.info-plist"; sourceTree = "<group>"; };
/* End PBXFileReference section */

/* Begin PBXFrameworksBuildPhase section */
		1D60588F0D05DD3D006BFB54 /* Frameworks */ = {
			isa = PBXFrameworksBuildPhase;
			buildActionMask = 2147483647;
			files = (
				1D60589F0D05DD5A006BFB54 /* Foundation.framework in Frameworks */,
				1DF5F4E00D08C38300B7A737 /* UIKit.framework in Frameworks */,
				288765FD0DF74451002DB57D /* CoreGraphics.framework in Frameworks */,
				241CBDD2100CD11200180B5F /* MediaPlayer.framework in Frameworks */,
				241742A7101B485F009759F2 /* AudioToolbox.framework in Frameworks */,
			);
			runOnlyForDeploymentPostprocessing = 0;
		};
/* End PBXFrameworksBuildPhase section */

/* Begin PBXGroup section */
		080E96DDFE201D6D7F000001 /* Classes */ = {
			isa = PBXGroup;
			children = (
				1D3623240D0F684500981E51 /* iPodAppDelegate.h */,
				1D3623250D0F684500981E51 /* iPodAppDelegate.m */,
				241CB973100BD9E300180B5F /* DTiPodViewController.h */,
				241CB974100BD9E300180B5F /* DTiPodViewController.m */,
				241CB992100BE25C00180B5F /* DTiPodTableViewCell.h */,
				241CB993100BE25C00180B5F /* DTiPodTableViewCell.m */,
				241CBA0E100BEEF200180B5F /* DTiPodBackGroundView.h */,
				241CBA0F100BEEF200180B5F /* DTiPodBackGroundView.m */,
				241CBA31100BF13500180B5F /* DTiPodScreenView.h */,
				241CBA32100BF13500180B5F /* DTiPodScreenView.m */,
				241CBA42100BF3A100180B5F /* DTClickWheelView.h */,
				241CBA43100BF3A100180B5F /* DTClickWheelView.m */,
				241CBC49100C96A000180B5F /* DTScreenTableViewController.h */,
				241CBC4A100C96A000180B5F /* DTScreenTableViewController.m */,
				241CBCA2100C9B3F00180B5F /* DTiPodNavigationBar.h */,
				241CBCA3100C9B3F00180B5F /* DTiPodNavigationBar.m */,
				241CBF67100D414500180B5F /* DTBatteryLevelView.h */,
				241CBF68100D414500180B5F /* DTBatteryLevelView.m */,
				248AE241100DCA8D001864E6 /* DTBlockView.h */,
				248AE242100DCA8D001864E6 /* DTBlockView.m */,
				241E6115100F1C5F00A2199C /* DTBlockViewCellProtocol.h */,
				240821A3100F7460006EDE45 /* DTiPodBlockViewCell.h */,
				240821A4100F7460006EDE45 /* DTiPodBlockViewCell.m */,
				240821B1100F7627006EDE45 /* DTScreenViewController.h */,
				240821B2100F7627006EDE45 /* DTScreenViewController.m */,
				249E45AA101901DF0084B4E2 /* DTPlayingScreenViewController.h */,
				249E45AB101901DF0084B4E2 /* DTPlayingScreenViewController.m */,
				24F96B8910191A0C00829FF9 /* DTPlaybackTimeView.h */,
				24F96B8A10191A0C00829FF9 /* DTPlaybackTimeView.m */,
				241741A9101B21F6009759F2 /* MPMediaItem+DTTrackNumber.h */,
				241741AA101B21F6009759F2 /* MPMediaItem+DTTrackNumber.m */,
			);
			path = Classes;
			sourceTree = "<group>";
		};
		19C28FACFE9D520D11CA2CBB /* Products */ = {
			isa = PBXGroup;
			children = (
				1D6058910D05DD3D006BFB54 /* iPod.app */,
			);
			name = Products;
			sourceTree = "<group>";
		};
		248AE1EE100DC63E001864E6 /* DTGridView */ = {
			isa = PBXGroup;
			children = (
				248AE1EF100DC63E001864E6 /* DTGridView.h */,
				248AE1F0100DC63E001864E6 /* DTGridView.m */,
				248AE1F1100DC63E001864E6 /* DTGridViewCell.h */,
				248AE1F2100DC63E001864E6 /* DTGridViewCell.m */,
				248AE1F3100DC63E001864E6 /* DTGridViewCellInfoProtocol.h */,
			);
			name = DTGridView;
			path = ../DTKit/DTGridView;
			sourceTree = SOURCE_ROOT;
		};
		248C8BB2101A1CB400F4E8DD /* DTTickingLabel */ = {
			isa = PBXGroup;
			children = (
				248C8BB3101A1CB400F4E8DD /* DTTickingLabel.h */,
				248C8BB4101A1CB400F4E8DD /* DTTickingLabel.m */,
			);
			name = DTTickingLabel;
			path = ../DTKit/DTTickingLabel;
			sourceTree = SOURCE_ROOT;
		};
		29B97314FDCFA39411CA2CEA /* CustomTemplate */ = {
			isa = PBXGroup;
			children = (
				248C8BB2101A1CB400F4E8DD /* DTTickingLabel */,
				248AE1EE100DC63E001864E6 /* DTGridView */,
				080E96DDFE201D6D7F000001 /* Classes */,
				29B97315FDCFA39411CA2CEA /* Other Sources */,
				29B97317FDCFA39411CA2CEA /* Resources */,
				29B97323FDCFA39411CA2CEA /* Frameworks */,
				19C28FACFE9D520D11CA2CBB /* Products */,
			);
			name = CustomTemplate;
			sourceTree = "<group>";
		};
		29B97315FDCFA39411CA2CEA /* Other Sources */ = {
			isa = PBXGroup;
			children = (
				32CA4F630368D1EE00C91783 /* iPod_Prefix.pch */,
				29B97316FDCFA39411CA2CEA /* main.m */,
			);
			name = "Other Sources";
			sourceTree = "<group>";
		};
		29B97317FDCFA39411CA2CEA /* Resources */ = {
			isa = PBXGroup;
			children = (
				2417429E101B481B009759F2 /* click.wav */,
				246ADFFF101997B8009FA983 /* Icon.png */,
				241CB99C100BE45800180B5F /* wheel.png */,
				28AD733E0D9D9553002E5188 /* MainWindow.xib */,
				8D1107310486CEB800E47090 /* iPod-Info.plist */,
				241CB978100BDA0700180B5F /* DTiPodView.xib */,
				241CBA79100BFC9000180B5F /* Default.png */,
				241CBEB1100CFEF800180B5F /* MainMenu.plist */,
				241CBEB5100CFF2F00180B5F /* MusicMenu.plist */,
				24F662A91013AF2200437934 /* DTScreenView.xib */,
				249E45A4101900150084B4E2 /* DTPlayingScreenView.xib */,
			);
			name = Resources;
			sourceTree = "<group>";
		};
		29B97323FDCFA39411CA2CEA /* Frameworks */ = {
			isa = PBXGroup;
			children = (
				1DF5F4DF0D08C38300B7A737 /* UIKit.framework */,
				1D30AB110D05D00D00671497 /* Foundation.framework */,
				288765FC0DF74451002DB57D /* CoreGraphics.framework */,
				241CBDD1100CD11200180B5F /* MediaPlayer.framework */,
				241742A6101B485F009759F2 /* AudioToolbox.framework */,
			);
			name = Frameworks;
			sourceTree = "<group>";
		};
/* End PBXGroup section */

/* Begin PBXNativeTarget section */
		1D6058900D05DD3D006BFB54 /* iPod */ = {
			isa = PBXNativeTarget;
			buildConfigurationList = 1D6058960D05DD3E006BFB54 /* Build configuration list for PBXNativeTarget "iPod" */;
			buildPhases = (
				1D60588D0D05DD3D006BFB54 /* Resources */,
				1D60588E0D05DD3D006BFB54 /* Sources */,
				1D60588F0D05DD3D006BFB54 /* Frameworks */,
			);
			buildRules = (
			);
			dependencies = (
			);
			name = iPod;
			productName = iPod;
			productReference = 1D6058910D05DD3D006BFB54 /* iPod.app */;
			productType = "com.apple.product-type.application";
		};
/* End PBXNativeTarget section */

/* Begin PBXProject section */
		29B97313FDCFA39411CA2CEA /* Project object */ = {
			isa = PBXProject;
			buildConfigurationList = C01FCF4E08A954540054247B /* Build configuration list for PBXProject "iPod" */;
			compatibilityVersion = "Xcode 3.1";
			hasScannedForEncodings = 1;
			mainGroup = 29B97314FDCFA39411CA2CEA /* CustomTemplate */;
			projectDirPath = "";
			projectRoot = "";
			targets = (
				1D6058900D05DD3D006BFB54 /* iPod */,
			);
		};
/* End PBXProject section */

/* Begin PBXResourcesBuildPhase section */
		1D60588D0D05DD3D006BFB54 /* Resources */ = {
			isa = PBXResourcesBuildPhase;
			buildActionMask = 2147483647;
			files = (
				28AD733F0D9D9553002E5188 /* MainWindow.xib in Resources */,
				241CB979100BDA0700180B5F /* DTiPodView.xib in Resources */,
				241CB99D100BE45800180B5F /* wheel.png in Resources */,
				241CBA7A100BFC9000180B5F /* Default.png in Resources */,
				241CBEB2100CFEF800180B5F /* MainMenu.plist in Resources */,
				241CBEB6100CFF2F00180B5F /* MusicMenu.plist in Resources */,
				24F662AA1013AF2200437934 /* DTScreenView.xib in Resources */,
				249E45A5101900150084B4E2 /* DTPlayingScreenView.xib in Resources */,
				246AE000101997B8009FA983 /* Icon.png in Resources */,
				2417429F101B481B009759F2 /* click.wav in Resources */,
			);
			runOnlyForDeploymentPostprocessing = 0;
		};
/* End PBXResourcesBuildPhase section */

/* Begin PBXSourcesBuildPhase section */
		1D60588E0D05DD3D006BFB54 /* Sources */ = {
			isa = PBXSourcesBuildPhase;
			buildActionMask = 2147483647;
			files = (
				1D60589B0D05DD56006BFB54 /* main.m in Sources */,
				1D3623260D0F684500981E51 /* iPodAppDelegate.m in Sources */,
				241CBA10100BEEF200180B5F /* DTiPodBackGroundView.m in Sources */,
				241CBA33100BF13500180B5F /* DTiPodScreenView.m in Sources */,
				241CBA44100BF3A100180B5F /* DTClickWheelView.m in Sources */,
				241CBCA4100C9B3F00180B5F /* DTiPodNavigationBar.m in Sources */,
				241CBF69100D414500180B5F /* DTBatteryLevelView.m in Sources */,
				248AE1F8100DC63E001864E6 /* DTGridView.m in Sources */,
				248AE1F9100DC63E001864E6 /* DTGridViewCell.m in Sources */,
				248AE243100DCA8D001864E6 /* DTBlockView.m in Sources */,
				240821A5100F7460006EDE45 /* DTiPodBlockViewCell.m in Sources */,
				240821AC100F75D3006EDE45 /* DTiPodViewController.m in Sources */,
				240821B3100F7627006EDE45 /* DTScreenViewController.m in Sources */,
				249E45AC101901DF0084B4E2 /* DTPlayingScreenViewController.m in Sources */,
				24F96B8B10191A0C00829FF9 /* DTPlaybackTimeView.m in Sources */,
				248C8BB8101A1CB400F4E8DD /* DTTickingLabel.m in Sources */,
				241741AB101B21F6009759F2 /* MPMediaItem+DTTrackNumber.m in Sources */,
			);
			runOnlyForDeploymentPostprocessing = 0;
		};
/* End PBXSourcesBuildPhase section */

/* Begin XCBuildConfiguration section */
		1D6058940D05DD3E006BFB54 /* Debug */ = {
			isa = XCBuildConfiguration;
			buildSettings = {
				ALWAYS_SEARCH_USER_PATHS = NO;
				COPY_PHASE_STRIP = NO;
				GCC_DYNAMIC_NO_PIC = NO;
				GCC_OPTIMIZATION_LEVEL = 0;
				GCC_PRECOMPILE_PREFIX_HEADER = YES;
				GCC_PREFIX_HEADER = iPod_Prefix.pch;
				INFOPLIST_FILE = "iPod-Info.plist";
				PRODUCT_NAME = iPod;
			};
			name = Debug;
		};
		1D6058950D05DD3E006BFB54 /* Release */ = {
			isa = XCBuildConfiguration;
			buildSettings = {
				ALWAYS_SEARCH_USER_PATHS = NO;
				COPY_PHASE_STRIP = YES;
				GCC_PRECOMPILE_PREFIX_HEADER = YES;
				GCC_PREFIX_HEADER = iPod_Prefix.pch;
				INFOPLIST_FILE = "iPod-Info.plist";
				PRODUCT_NAME = iPod;
			};
			name = Release;
		};
		C01FCF4F08A954540054247B /* Debug */ = {
			isa = XCBuildConfiguration;
			buildSettings = {
				ARCHS = "$(ARCHS_STANDARD_32_BIT)";
				"CODE_SIGN_IDENTITY[sdk=iphoneos*]" = "iPhone Developer";
				GCC_C_LANGUAGE_STANDARD = c99;
				GCC_WARN_ABOUT_RETURN_TYPE = YES;
				GCC_WARN_UNUSED_VARIABLE = YES;
				PREBINDING = NO;
				SDKROOT = iphoneos3.0;
			};
			name = Debug;
		};
		C01FCF5008A954540054247B /* Release */ = {
			isa = XCBuildConfiguration;
			buildSettings = {
				ARCHS = "$(ARCHS_STANDARD_32_BIT)";
				"CODE_SIGN_IDENTITY[sdk=iphoneos*]" = "iPhone Developer";
				GCC_C_LANGUAGE_STANDARD = c99;
				GCC_WARN_ABOUT_RETURN_TYPE = YES;
				GCC_WARN_UNUSED_VARIABLE = YES;
				PREBINDING = NO;
				SDKROOT = iphoneos3.0;
			};
			name = Release;
		};
/* End XCBuildConfiguration section */

/* Begin XCConfigurationList section */
		1D6058960D05DD3E006BFB54 /* Build configuration list for PBXNativeTarget "iPod" */ = {
			isa = XCConfigurationList;
			buildConfigurations = (
				1D6058940D05DD3E006BFB54 /* Debug */,
				1D6058950D05DD3E006BFB54 /* Release */,
			);
			defaultConfigurationIsVisible = 0;
			defaultConfigurationName = Release;
		};
		C01FCF4E08A954540054247B /* Build configuration list for PBXProject "iPod" */ = {
			isa = XCConfigurationList;
			buildConfigurations = (
				C01FCF4F08A954540054247B /* Debug */,
				C01FCF5008A954540054247B /* Release */,
			);
			defaultConfigurationIsVisible = 0;
			defaultConfigurationName = Release;
		};
/* End XCConfigurationList section */
	};
	rootObject = 29B97313FDCFA39411CA2CEA /* Project object */;
}
