// !$*UTF8*$!
{
	archiveVersion = 1;
	classes = {
	};
	objectVersion = 45;
	objects = {

/* Begin PBXBuildFile section */
		1D3623260D0F684500981E51 /* iPodAppDelegate.m in Sources */ = {isa = PBXBuildFile; fileRef = 1D3623250D0F684500981E51 /* iPodAppDelegate.m */; };
		1D60589B0D05DD56006BFB54 /* main.m in Sources */ = {isa = PBXBuildFile; fileRef = 29B97316FDCFA39411CA2CEA /* main.m */; };
		1D60589F0D05DD5A006BFB54 /* Foundation.framework in Frameworks */ = {isa = PBXBuildFile; fileRef = 1D30AB110D05D00D00671497 /* Foundation.framework */; };
		1DF5F4E00D08C38300B7A737 /* UIKit.framework in Frameworks */ = {isa = PBXBuildFile; fileRef = 1DF5F4DF0D08C38300B7A737 /* UIKit.framework */; };
		240821A5100F7460006EDE45 /* DTiPodBlockViewCell.m in Sources */ = {isa = PBXBuildFile; fileRef = 240821A4100F7460006EDE45 /* DTiPodBlockViewCell.m */; };
		240821AC100F75D3006EDE45 /* DTiPodViewController.m in Sources */ = {isa = PBXBuildFile; fileRef = 241CB974100BD9E300180B5F /* DTiPodViewController.m */; };
		240821B3100F7627006EDE45 /* DTScreenViewController.m in Sources */ = {isa = PBXBuildFile; fileRef = 240821B2100F7627006EDE45 /* DTScreenViewController.m */; };
		241742A7101B485F009759F2 /* AudioToolbox.framework in Frameworks */ = {isa = PBXBuildFile; fileRef = 241742A6101B485F009759F2 /* AudioToolbox.framework */; };
		241CB979100BDA0700180B5F /* DTiPodView.xib in Resources */ = {isa = PBXBuildFile; fileRef = 241CB978100BDA0700180B5F /* DTiPodView.xib */; };
		241CB99D100BE45800180B5F /* wheel.png in Resources */ = {isa = PBXBuildFile; fileRef = 241CB99C100BE45800180B5F /* wheel.png */; };
		241CBA10100BEEF200180B5F /* DTiPodBackGroundView.m in Sources */ = {isa = PBXBuildFile; fileRef = 241CBA0F100BEEF200180B5F /* DTiPodBackGroundView.m */; };
		241CBA33100BF13500180B5F /* DTiPodScreenView.m in Sources */ = {isa = PBXBuildFile; fileRef = 241CBA32100BF13500180B5F /* DTiPodScreenView.m */; };
		241CBA7A100BFC9000180B5F /* Default.png in Resources */ = {isa = PBXBuildFile; fileRef = 241CBA79100BFC9000180B5F /* Default.png */; };
		241CBCA4100C9B3F00180B5F /* DTiPodNavigationBar.m in Sources */ = {isa = PBXBuildFile; fileRef = 241CBCA3100C9B3F00180B5F /* DTiPodNavigationBar.m */; };
		241CBDD2100CD11200180B5F /* MediaPlayer.framework in Frameworks */ = {isa = PBXBuildFile; fileRef = 241CBDD1100CD11200180B5F /* MediaPlayer.framework */; };
		241CBEB2100CFEF800180B5F /* MainMenu.plist in Resources */ = {isa = PBXBuildFile; fileRef = 241CBEB1100CFEF800180B5F /* MainMenu.plist */; };
		241CBEB6100CFF2F00180B5F /* MusicMenu.plist in Resources */ = {isa = PBXBuildFile; fileRef = 241CBEB5100CFF2F00180B5F /* MusicMenu.plist */; };
		241CBF69100D414500180B5F /* DTBatteryLevelView.m in Sources */ = {isa = PBXBuildFile; fileRef = 241CBF68100D414500180B5F /* DTBatteryLevelView.m */; };
		2444F3AA102C5DB20005B1AE /* DTMusicModel.xcdatamodel in Sources */ = {isa = PBXBuildFile; fileRef = 2444F3A9102C5DB20005B1AE /* DTMusicModel.xcdatamodel */; };
		2444F3AF102C63950005B1AE /* DTMusicModelController.m in Sources */ = {isa = PBXBuildFile; fileRef = 2444F3AE102C63950005B1AE /* DTMusicModelController.m */; };
		2444F3BE102C64470005B1AE /* CoreData.framework in Frameworks */ = {isa = PBXBuildFile; fileRef = 2444F3BD102C64470005B1AE /* CoreData.framework */; };
		2444F6C7102DFB840005B1AE /* Song+Extras.m in Sources */ = {isa = PBXBuildFile; fileRef = 2444F6C6102DFB840005B1AE /* Song+Extras.m */; };
		2444F6EF102DFBFF0005B1AE /* Artist.m in Sources */ = {isa = PBXBuildFile; fileRef = 2444F6E2102DFBFF0005B1AE /* Artist.m */; };
		2444F6F0102DFBFF0005B1AE /* Genre.m in Sources */ = {isa = PBXBuildFile; fileRef = 2444F6E4102DFBFF0005B1AE /* Genre.m */; };
		2444F6F1102DFBFF0005B1AE /* DataInformation.m in Sources */ = {isa = PBXBuildFile; fileRef = 2444F6E6102DFBFF0005B1AE /* DataInformation.m */; };
		2444F6F2102DFBFF0005B1AE /* Composer.m in Sources */ = {isa = PBXBuildFile; fileRef = 2444F6E8102DFBFF0005B1AE /* Composer.m */; };
		2444F6F3102DFBFF0005B1AE /* Song.m in Sources */ = {isa = PBXBuildFile; fileRef = 2444F6EA102DFBFF0005B1AE /* Song.m */; };
		2444F6F4102DFBFF0005B1AE /* Playlist.m in Sources */ = {isa = PBXBuildFile; fileRef = 2444F6EC102DFBFF0005B1AE /* Playlist.m */; };
		2444F6F5102DFBFF0005B1AE /* Album.m in Sources */ = {isa = PBXBuildFile; fileRef = 2444F6EE102DFBFF0005B1AE /* Album.m */; };
		2444F7C6102ECF960005B1AE /* DTSongsListViewController.m in Sources */ = {isa = PBXBuildFile; fileRef = 2444F7C5102ECF960005B1AE /* DTSongsListViewController.m */; };
		2444F7CB102ECFB30005B1AE /* DTListViewController.m in Sources */ = {isa = PBXBuildFile; fileRef = 2444F7CA102ECFB30005B1AE /* DTListViewController.m */; };
		2444F7D1102ED16A0005B1AE /* DTArtistsListViewController.m in Sources */ = {isa = PBXBuildFile; fileRef = 2444F7D0102ED16A0005B1AE /* DTArtistsListViewController.m */; };
		2444F7D6102ED2540005B1AE /* DTAlbumsListViewController.m in Sources */ = {isa = PBXBuildFile; fileRef = 2444F7D5102ED2540005B1AE /* DTAlbumsListViewController.m */; };
		2444F7FE102ED6A00005B1AE /* Artist+Extras.m in Sources */ = {isa = PBXBuildFile; fileRef = 2444F7FD102ED6A00005B1AE /* Artist+Extras.m */; };
		2444F831102ED87B0005B1AE /* Album+Extras.m in Sources */ = {isa = PBXBuildFile; fileRef = 2444F830102ED87B0005B1AE /* Album+Extras.m */; };
		2444F876102EDEAA0005B1AE /* DTPlaylistsListViewController.m in Sources */ = {isa = PBXBuildFile; fileRef = 2444F875102EDEAA0005B1AE /* DTPlaylistsListViewController.m */; };
		2444F879102EDEDB0005B1AE /* Playlist+Extras.m in Sources */ = {isa = PBXBuildFile; fileRef = 2444F878102EDEDB0005B1AE /* Playlist+Extras.m */; };
		2444F883102EE9520005B1AE /* DTGenresListViewController.m in Sources */ = {isa = PBXBuildFile; fileRef = 2444F882102EE9520005B1AE /* DTGenresListViewController.m */; };
		2444F886102EE9D00005B1AE /* Genre+Extras.m in Sources */ = {isa = PBXBuildFile; fileRef = 2444F885102EE9D00005B1AE /* Genre+Extras.m */; };
		244B7BFF101E2C8E0021C335 /* Entitlements.plist in Resources */ = {isa = PBXBuildFile; fileRef = 244B7BFE101E2C8E0021C335 /* Entitlements.plist */; };
		246AE000101997B8009FA983 /* Icon.png in Resources */ = {isa = PBXBuildFile; fileRef = 246ADFFF101997B8009FA983 /* Icon.png */; };
		248CA521101C5BCF00B61E2E /* DTiPodBlockScroller.m in Sources */ = {isa = PBXBuildFile; fileRef = 248CA520101C5BCF00B61E2E /* DTiPodBlockScroller.m */; };
		249E45A5101900150084B4E2 /* DTPlayingScreenView.xib in Resources */ = {isa = PBXBuildFile; fileRef = 249E45A4101900150084B4E2 /* DTPlayingScreenView.xib */; };
		249E45AC101901DF0084B4E2 /* DTPlayingScreenViewController.m in Sources */ = {isa = PBXBuildFile; fileRef = 249E45AB101901DF0084B4E2 /* DTPlayingScreenViewController.m */; };
		24A43D601025D9E5003E6959 /* DTTickingLabel.m in Sources */ = {isa = PBXBuildFile; fileRef = 24A43D5E1025D9E5003E6959 /* DTTickingLabel.m */; };
		24A43D671025D9FB003E6959 /* DTBlockScroller.m in Sources */ = {isa = PBXBuildFile; fileRef = 24A43D631025D9FB003E6959 /* DTBlockScroller.m */; };
		24A43D681025D9FB003E6959 /* DTBlockView.m in Sources */ = {isa = PBXBuildFile; fileRef = 24A43D651025D9FB003E6959 /* DTBlockView.m */; };
		24A43D6E1025DA10003E6959 /* DTClickWheelView.m in Sources */ = {isa = PBXBuildFile; fileRef = 24A43D6D1025DA10003E6959 /* DTClickWheelView.m */; };
		24A43D861025DA28003E6959 /* MPMediaItem+DTTrackNumber.m in Sources */ = {isa = PBXBuildFile; fileRef = 24A43D7B1025DA28003E6959 /* MPMediaItem+DTTrackNumber.m */; };
		24A43D871025DA28003E6959 /* NSDate+DTComponentExtension.m in Sources */ = {isa = PBXBuildFile; fileRef = 24A43D7D1025DA28003E6959 /* NSDate+DTComponentExtension.m */; };
		24A43D891025DA28003E6959 /* NSString+DTPrefixString.m in Sources */ = {isa = PBXBuildFile; fileRef = 24A43D811025DA28003E6959 /* NSString+DTPrefixString.m */; };
		24A43D8A1025DA28003E6959 /* UIDevice+Extras.m in Sources */ = {isa = PBXBuildFile; fileRef = 24A43D831025DA28003E6959 /* UIDevice+Extras.m */; };
		24A43D8B1025DA28003E6959 /* UILabel+DTCopyLabel.m in Sources */ = {isa = PBXBuildFile; fileRef = 24A43D851025DA28003E6959 /* UILabel+DTCopyLabel.m */; };
		24E8FFA915B775CE00240A87 /* click.wav in Resources */ = {isa = PBXBuildFile; fileRef = 24E8FFA815B775CE00240A87 /* click.wav */; };
		24F662AA1013AF2200437934 /* DTScreenView.xib in Resources */ = {isa = PBXBuildFile; fileRef = 24F662A91013AF2200437934 /* DTScreenView.xib */; };
		24F96B8B10191A0C00829FF9 /* DTPlaybackTimeView.m in Sources */ = {isa = PBXBuildFile; fileRef = 24F96B8A10191A0C00829FF9 /* DTPlaybackTimeView.m */; };
		288765FD0DF74451002DB57D /* CoreGraphics.framework in Frameworks */ = {isa = PBXBuildFile; fileRef = 288765FC0DF74451002DB57D /* CoreGraphics.framework */; };
		28AD733F0D9D9553002E5188 /* MainWindow.xib in Resources */ = {isa = PBXBuildFile; fileRef = 28AD733E0D9D9553002E5188 /* MainWindow.xib */; };
/* End PBXBuildFile section */

/* Begin PBXFileReference section */
		1D30AB110D05D00D00671497 /* Foundation.framework */ = {isa = PBXFileReference; lastKnownFileType = wrapper.framework; name = Foundation.framework; path = System/Library/Frameworks/Foundation.framework; sourceTree = SDKROOT; };
		1D3623240D0F684500981E51 /* iPodAppDelegate.h */ = {isa = PBXFileReference; fileEncoding = 4; lastKnownFileType = sourcecode.c.h; path = iPodAppDelegate.h; sourceTree = "<group>"; };
		1D3623250D0F684500981E51 /* iPodAppDelegate.m */ = {isa = PBXFileReference; fileEncoding = 4; lastKnownFileType = sourcecode.c.objc; path = iPodAppDelegate.m; sourceTree = "<group>"; };
		1D6058910D05DD3D006BFB54 /* Fourgy.app */ = {isa = PBXFileReference; explicitFileType = wrapper.application; includeInIndex = 0; path = Fourgy.app; sourceTree = BUILT_PRODUCTS_DIR; };
		1DF5F4DF0D08C38300B7A737 /* UIKit.framework */ = {isa = PBXFileReference; lastKnownFileType = wrapper.framework; name = UIKit.framework; path = System/Library/Frameworks/UIKit.framework; sourceTree = SDKROOT; };
		240821A3100F7460006EDE45 /* DTiPodBlockViewCell.h */ = {isa = PBXFileReference; fileEncoding = 4; lastKnownFileType = sourcecode.c.h; path = DTiPodBlockViewCell.h; sourceTree = "<group>"; };
		240821A4100F7460006EDE45 /* DTiPodBlockViewCell.m */ = {isa = PBXFileReference; fileEncoding = 4; lastKnownFileType = sourcecode.c.objc; path = DTiPodBlockViewCell.m; sourceTree = "<group>"; };
		240821B1100F7627006EDE45 /* DTScreenViewController.h */ = {isa = PBXFileReference; fileEncoding = 4; lastKnownFileType = sourcecode.c.h; path = DTScreenViewController.h; sourceTree = "<group>"; };
		240821B2100F7627006EDE45 /* DTScreenViewController.m */ = {isa = PBXFileReference; fileEncoding = 4; lastKnownFileType = sourcecode.c.objc; path = DTScreenViewController.m; sourceTree = "<group>"; };
		241742A6101B485F009759F2 /* AudioToolbox.framework */ = {isa = PBXFileReference; lastKnownFileType = wrapper.framework; name = AudioToolbox.framework; path = System/Library/Frameworks/AudioToolbox.framework; sourceTree = SDKROOT; };
		241CB973100BD9E300180B5F /* DTiPodViewController.h */ = {isa = PBXFileReference; fileEncoding = 4; lastKnownFileType = sourcecode.c.h; path = DTiPodViewController.h; sourceTree = "<group>"; };
		241CB974100BD9E300180B5F /* DTiPodViewController.m */ = {isa = PBXFileReference; fileEncoding = 4; lastKnownFileType = sourcecode.c.objc; path = DTiPodViewController.m; sourceTree = "<group>"; };
		241CB978100BDA0700180B5F /* DTiPodView.xib */ = {isa = PBXFileReference; lastKnownFileType = file.xib; path = DTiPodView.xib; sourceTree = "<group>"; };
		241CB992100BE25C00180B5F /* DTiPodTableViewCell.h */ = {isa = PBXFileReference; fileEncoding = 4; lastKnownFileType = sourcecode.c.h; path = DTiPodTableViewCell.h; sourceTree = "<group>"; };
		241CB993100BE25C00180B5F /* DTiPodTableViewCell.m */ = {isa = PBXFileReference; fileEncoding = 4; lastKnownFileType = sourcecode.c.objc; path = DTiPodTableViewCell.m; sourceTree = "<group>"; };
		241CB99C100BE45800180B5F /* wheel.png */ = {isa = PBXFileReference; lastKnownFileType = image.png; path = wheel.png; sourceTree = "<group>"; };
		241CBA0E100BEEF200180B5F /* DTiPodBackGroundView.h */ = {isa = PBXFileReference; fileEncoding = 4; lastKnownFileType = sourcecode.c.h; path = DTiPodBackGroundView.h; sourceTree = "<group>"; };
		241CBA0F100BEEF200180B5F /* DTiPodBackGroundView.m */ = {isa = PBXFileReference; fileEncoding = 4; lastKnownFileType = sourcecode.c.objc; path = DTiPodBackGroundView.m; sourceTree = "<group>"; };
		241CBA31100BF13500180B5F /* DTiPodScreenView.h */ = {isa = PBXFileReference; fileEncoding = 4; lastKnownFileType = sourcecode.c.h; path = DTiPodScreenView.h; sourceTree = "<group>"; };
		241CBA32100BF13500180B5F /* DTiPodScreenView.m */ = {isa = PBXFileReference; fileEncoding = 4; lastKnownFileType = sourcecode.c.objc; path = DTiPodScreenView.m; sourceTree = "<group>"; };
		241CBA79100BFC9000180B5F /* Default.png */ = {isa = PBXFileReference; lastKnownFileType = image.png; path = Default.png; sourceTree = "<group>"; };
		241CBC49100C96A000180B5F /* DTScreenTableViewController.h */ = {isa = PBXFileReference; fileEncoding = 4; lastKnownFileType = sourcecode.c.h; path = DTScreenTableViewController.h; sourceTree = "<group>"; };
		241CBC4A100C96A000180B5F /* DTScreenTableViewController.m */ = {isa = PBXFileReference; fileEncoding = 4; lastKnownFileType = sourcecode.c.objc; path = DTScreenTableViewController.m; sourceTree = "<group>"; };
		241CBCA2100C9B3F00180B5F /* DTiPodNavigationBar.h */ = {isa = PBXFileReference; fileEncoding = 4; lastKnownFileType = sourcecode.c.h; path = DTiPodNavigationBar.h; sourceTree = "<group>"; };
		241CBCA3100C9B3F00180B5F /* DTiPodNavigationBar.m */ = {isa = PBXFileReference; fileEncoding = 4; lastKnownFileType = sourcecode.c.objc; path = DTiPodNavigationBar.m; sourceTree = "<group>"; };
		241CBDD1100CD11200180B5F /* MediaPlayer.framework */ = {isa = PBXFileReference; lastKnownFileType = wrapper.framework; name = MediaPlayer.framework; path = System/Library/Frameworks/MediaPlayer.framework; sourceTree = SDKROOT; };
		241CBEB1100CFEF800180B5F /* MainMenu.plist */ = {isa = PBXFileReference; fileEncoding = 4; lastKnownFileType = text.plist.xml; path = MainMenu.plist; sourceTree = "<group>"; };
		241CBEB5100CFF2F00180B5F /* MusicMenu.plist */ = {isa = PBXFileReference; fileEncoding = 4; lastKnownFileType = text.plist.xml; path = MusicMenu.plist; sourceTree = "<group>"; };
		241CBF67100D414500180B5F /* DTBatteryLevelView.h */ = {isa = PBXFileReference; fileEncoding = 4; lastKnownFileType = sourcecode.c.h; path = DTBatteryLevelView.h; sourceTree = "<group>"; };
		241CBF68100D414500180B5F /* DTBatteryLevelView.m */ = {isa = PBXFileReference; fileEncoding = 4; lastKnownFileType = sourcecode.c.objc; path = DTBatteryLevelView.m; sourceTree = "<group>"; };
		2444F3A9102C5DB20005B1AE /* DTMusicModel.xcdatamodel */ = {isa = PBXFileReference; fileEncoding = 4; lastKnownFileType = wrapper.xcdatamodel; path = DTMusicModel.xcdatamodel; sourceTree = "<group>"; };
		2444F3AD102C63950005B1AE /* DTMusicModelController.h */ = {isa = PBXFileReference; fileEncoding = 4; lastKnownFileType = sourcecode.c.h; path = DTMusicModelController.h; sourceTree = "<group>"; };
		2444F3AE102C63950005B1AE /* DTMusicModelController.m */ = {isa = PBXFileReference; fileEncoding = 4; lastKnownFileType = sourcecode.c.objc; path = DTMusicModelController.m; sourceTree = "<group>"; };
		2444F3BD102C64470005B1AE /* CoreData.framework */ = {isa = PBXFileReference; lastKnownFileType = wrapper.framework; name = CoreData.framework; path = System/Library/Frameworks/CoreData.framework; sourceTree = SDKROOT; };
		2444F6C5102DFB840005B1AE /* Song+Extras.h */ = {isa = PBXFileReference; fileEncoding = 4; lastKnownFileType = sourcecode.c.h; path = "Song+Extras.h"; sourceTree = "<group>"; };
		2444F6C6102DFB840005B1AE /* Song+Extras.m */ = {isa = PBXFileReference; fileEncoding = 4; lastKnownFileType = sourcecode.c.objc; path = "Song+Extras.m"; sourceTree = "<group>"; };
		2444F6E1102DFBFF0005B1AE /* Artist.h */ = {isa = PBXFileReference; fileEncoding = 4; lastKnownFileType = sourcecode.c.h; path = Artist.h; sourceTree = "<group>"; };
		2444F6E2102DFBFF0005B1AE /* Artist.m */ = {isa = PBXFileReference; fileEncoding = 4; lastKnownFileType = sourcecode.c.objc; path = Artist.m; sourceTree = "<group>"; };
		2444F6E3102DFBFF0005B1AE /* Genre.h */ = {isa = PBXFileReference; fileEncoding = 4; lastKnownFileType = sourcecode.c.h; path = Genre.h; sourceTree = "<group>"; };
		2444F6E4102DFBFF0005B1AE /* Genre.m */ = {isa = PBXFileReference; fileEncoding = 4; lastKnownFileType = sourcecode.c.objc; path = Genre.m; sourceTree = "<group>"; };
		2444F6E5102DFBFF0005B1AE /* DataInformation.h */ = {isa = PBXFileReference; fileEncoding = 4; lastKnownFileType = sourcecode.c.h; path = DataInformation.h; sourceTree = "<group>"; };
		2444F6E6102DFBFF0005B1AE /* DataInformation.m */ = {isa = PBXFileReference; fileEncoding = 4; lastKnownFileType = sourcecode.c.objc; path = DataInformation.m; sourceTree = "<group>"; };
		2444F6E7102DFBFF0005B1AE /* Composer.h */ = {isa = PBXFileReference; fileEncoding = 4; lastKnownFileType = sourcecode.c.h; path = Composer.h; sourceTree = "<group>"; };
		2444F6E8102DFBFF0005B1AE /* Composer.m */ = {isa = PBXFileReference; fileEncoding = 4; lastKnownFileType = sourcecode.c.objc; path = Composer.m; sourceTree = "<group>"; };
		2444F6E9102DFBFF0005B1AE /* Song.h */ = {isa = PBXFileReference; fileEncoding = 4; lastKnownFileType = sourcecode.c.h; path = Song.h; sourceTree = "<group>"; };
		2444F6EA102DFBFF0005B1AE /* Song.m */ = {isa = PBXFileReference; fileEncoding = 4; lastKnownFileType = sourcecode.c.objc; path = Song.m; sourceTree = "<group>"; };
		2444F6EB102DFBFF0005B1AE /* Playlist.h */ = {isa = PBXFileReference; fileEncoding = 4; lastKnownFileType = sourcecode.c.h; path = Playlist.h; sourceTree = "<group>"; };
		2444F6EC102DFBFF0005B1AE /* Playlist.m */ = {isa = PBXFileReference; fileEncoding = 4; lastKnownFileType = sourcecode.c.objc; path = Playlist.m; sourceTree = "<group>"; };
		2444F6ED102DFBFF0005B1AE /* Album.h */ = {isa = PBXFileReference; fileEncoding = 4; lastKnownFileType = sourcecode.c.h; path = Album.h; sourceTree = "<group>"; };
		2444F6EE102DFBFF0005B1AE /* Album.m */ = {isa = PBXFileReference; fileEncoding = 4; lastKnownFileType = sourcecode.c.objc; path = Album.m; sourceTree = "<group>"; };
		2444F7C4102ECF960005B1AE /* DTSongsListViewController.h */ = {isa = PBXFileReference; fileEncoding = 4; lastKnownFileType = sourcecode.c.h; path = DTSongsListViewController.h; sourceTree = "<group>"; };
		2444F7C5102ECF960005B1AE /* DTSongsListViewController.m */ = {isa = PBXFileReference; fileEncoding = 4; lastKnownFileType = sourcecode.c.objc; path = DTSongsListViewController.m; sourceTree = "<group>"; };
		2444F7C9102ECFB30005B1AE /* DTListViewController.h */ = {isa = PBXFileReference; fileEncoding = 4; lastKnownFileType = sourcecode.c.h; path = DTListViewController.h; sourceTree = "<group>"; };
		2444F7CA102ECFB30005B1AE /* DTListViewController.m */ = {isa = PBXFileReference; fileEncoding = 4; lastKnownFileType = sourcecode.c.objc; path = DTListViewController.m; sourceTree = "<group>"; };
		2444F7CF102ED16A0005B1AE /* DTArtistsListViewController.h */ = {isa = PBXFileReference; fileEncoding = 4; lastKnownFileType = sourcecode.c.h; path = DTArtistsListViewController.h; sourceTree = "<group>"; };
		2444F7D0102ED16A0005B1AE /* DTArtistsListViewController.m */ = {isa = PBXFileReference; fileEncoding = 4; lastKnownFileType = sourcecode.c.objc; path = DTArtistsListViewController.m; sourceTree = "<group>"; };
		2444F7D4102ED2540005B1AE /* DTAlbumsListViewController.h */ = {isa = PBXFileReference; fileEncoding = 4; lastKnownFileType = sourcecode.c.h; path = DTAlbumsListViewController.h; sourceTree = "<group>"; };
		2444F7D5102ED2540005B1AE /* DTAlbumsListViewController.m */ = {isa = PBXFileReference; fileEncoding = 4; lastKnownFileType = sourcecode.c.objc; path = DTAlbumsListViewController.m; sourceTree = "<group>"; };
		2444F7FC102ED6A00005B1AE /* Artist+Extras.h */ = {isa = PBXFileReference; fileEncoding = 4; lastKnownFileType = sourcecode.c.h; path = "Artist+Extras.h"; sourceTree = "<group>"; };
		2444F7FD102ED6A00005B1AE /* Artist+Extras.m */ = {isa = PBXFileReference; fileEncoding = 4; lastKnownFileType = sourcecode.c.objc; path = "Artist+Extras.m"; sourceTree = "<group>"; };
		2444F82F102ED87B0005B1AE /* Album+Extras.h */ = {isa = PBXFileReference; fileEncoding = 4; lastKnownFileType = sourcecode.c.h; path = "Album+Extras.h"; sourceTree = "<group>"; };
		2444F830102ED87B0005B1AE /* Album+Extras.m */ = {isa = PBXFileReference; fileEncoding = 4; lastKnownFileType = sourcecode.c.objc; path = "Album+Extras.m"; sourceTree = "<group>"; };
		2444F874102EDEAA0005B1AE /* DTPlaylistsListViewController.h */ = {isa = PBXFileReference; fileEncoding = 4; lastKnownFileType = sourcecode.c.h; path = DTPlaylistsListViewController.h; sourceTree = "<group>"; };
		2444F875102EDEAA0005B1AE /* DTPlaylistsListViewController.m */ = {isa = PBXFileReference; fileEncoding = 4; lastKnownFileType = sourcecode.c.objc; path = DTPlaylistsListViewController.m; sourceTree = "<group>"; };
		2444F877102EDEDB0005B1AE /* Playlist+Extras.h */ = {isa = PBXFileReference; fileEncoding = 4; lastKnownFileType = sourcecode.c.h; path = "Playlist+Extras.h"; sourceTree = "<group>"; };
		2444F878102EDEDB0005B1AE /* Playlist+Extras.m */ = {isa = PBXFileReference; fileEncoding = 4; lastKnownFileType = sourcecode.c.objc; path = "Playlist+Extras.m"; sourceTree = "<group>"; };
		2444F881102EE9520005B1AE /* DTGenresListViewController.h */ = {isa = PBXFileReference; fileEncoding = 4; lastKnownFileType = sourcecode.c.h; path = DTGenresListViewController.h; sourceTree = "<group>"; };
		2444F882102EE9520005B1AE /* DTGenresListViewController.m */ = {isa = PBXFileReference; fileEncoding = 4; lastKnownFileType = sourcecode.c.objc; path = DTGenresListViewController.m; sourceTree = "<group>"; };
		2444F884102EE9D00005B1AE /* Genre+Extras.h */ = {isa = PBXFileReference; fileEncoding = 4; lastKnownFileType = sourcecode.c.h; path = "Genre+Extras.h"; sourceTree = "<group>"; };
		2444F885102EE9D00005B1AE /* Genre+Extras.m */ = {isa = PBXFileReference; fileEncoding = 4; lastKnownFileType = sourcecode.c.objc; path = "Genre+Extras.m"; sourceTree = "<group>"; };
		244B7BFE101E2C8E0021C335 /* Entitlements.plist */ = {isa = PBXFileReference; fileEncoding = 4; lastKnownFileType = text.plist.xml; path = Entitlements.plist; sourceTree = "<group>"; };
		246ADFFF101997B8009FA983 /* Icon.png */ = {isa = PBXFileReference; lastKnownFileType = image.png; path = Icon.png; sourceTree = "<group>"; };
		248CA51F101C5BCF00B61E2E /* DTiPodBlockScroller.h */ = {isa = PBXFileReference; fileEncoding = 4; lastKnownFileType = sourcecode.c.h; path = DTiPodBlockScroller.h; sourceTree = "<group>"; };
		248CA520101C5BCF00B61E2E /* DTiPodBlockScroller.m */ = {isa = PBXFileReference; fileEncoding = 4; lastKnownFileType = sourcecode.c.objc; path = DTiPodBlockScroller.m; sourceTree = "<group>"; };
		249E45A4101900150084B4E2 /* DTPlayingScreenView.xib */ = {isa = PBXFileReference; lastKnownFileType = file.xib; path = DTPlayingScreenView.xib; sourceTree = "<group>"; };
		249E45AA101901DF0084B4E2 /* DTPlayingScreenViewController.h */ = {isa = PBXFileReference; fileEncoding = 4; lastKnownFileType = sourcecode.c.h; path = DTPlayingScreenViewController.h; sourceTree = "<group>"; };
		249E45AB101901DF0084B4E2 /* DTPlayingScreenViewController.m */ = {isa = PBXFileReference; fileEncoding = 4; lastKnownFileType = sourcecode.c.objc; path = DTPlayingScreenViewController.m; sourceTree = "<group>"; };
		24A43D5D1025D9E5003E6959 /* DTTickingLabel.h */ = {isa = PBXFileReference; fileEncoding = 4; lastKnownFileType = sourcecode.c.h; path = DTTickingLabel.h; sourceTree = "<group>"; };
		24A43D5E1025D9E5003E6959 /* DTTickingLabel.m */ = {isa = PBXFileReference; fileEncoding = 4; lastKnownFileType = sourcecode.c.objc; path = DTTickingLabel.m; sourceTree = "<group>"; };
		24A43D621025D9FB003E6959 /* DTBlockScroller.h */ = {isa = PBXFileReference; fileEncoding = 4; lastKnownFileType = sourcecode.c.h; path = DTBlockScroller.h; sourceTree = "<group>"; };
		24A43D631025D9FB003E6959 /* DTBlockScroller.m */ = {isa = PBXFileReference; fileEncoding = 4; lastKnownFileType = sourcecode.c.objc; path = DTBlockScroller.m; sourceTree = "<group>"; };
		24A43D641025D9FB003E6959 /* DTBlockView.h */ = {isa = PBXFileReference; fileEncoding = 4; lastKnownFileType = sourcecode.c.h; path = DTBlockView.h; sourceTree = "<group>"; };
		24A43D651025D9FB003E6959 /* DTBlockView.m */ = {isa = PBXFileReference; fileEncoding = 4; lastKnownFileType = sourcecode.c.objc; path = DTBlockView.m; sourceTree = "<group>"; };
		24A43D661025D9FB003E6959 /* DTBlockViewCellProtocol.h */ = {isa = PBXFileReference; fileEncoding = 4; lastKnownFileType = sourcecode.c.h; path = DTBlockViewCellProtocol.h; sourceTree = "<group>"; };
		24A43D6C1025DA10003E6959 /* DTClickWheelView.h */ = {isa = PBXFileReference; fileEncoding = 4; lastKnownFileType = sourcecode.c.h; path = DTClickWheelView.h; sourceTree = "<group>"; };
		24A43D6D1025DA10003E6959 /* DTClickWheelView.m */ = {isa = PBXFileReference; fileEncoding = 4; lastKnownFileType = sourcecode.c.objc; path = DTClickWheelView.m; sourceTree = "<group>"; };
		24A43D7A1025DA28003E6959 /* MPMediaItem+DTTrackNumber.h */ = {isa = PBXFileReference; fileEncoding = 4; lastKnownFileType = sourcecode.c.h; path = "MPMediaItem+DTTrackNumber.h"; sourceTree = "<group>"; };
		24A43D7B1025DA28003E6959 /* MPMediaItem+DTTrackNumber.m */ = {isa = PBXFileReference; fileEncoding = 4; lastKnownFileType = sourcecode.c.objc; path = "MPMediaItem+DTTrackNumber.m"; sourceTree = "<group>"; };
		24A43D7C1025DA28003E6959 /* NSDate+DTComponentExtension.h */ = {isa = PBXFileReference; fileEncoding = 4; lastKnownFileType = sourcecode.c.h; path = "NSDate+DTComponentExtension.h"; sourceTree = "<group>"; };
		24A43D7D1025DA28003E6959 /* NSDate+DTComponentExtension.m */ = {isa = PBXFileReference; fileEncoding = 4; lastKnownFileType = sourcecode.c.objc; path = "NSDate+DTComponentExtension.m"; sourceTree = "<group>"; };
		24A43D801025DA28003E6959 /* NSString+DTPrefixString.h */ = {isa = PBXFileReference; fileEncoding = 4; lastKnownFileType = sourcecode.c.h; path = "NSString+DTPrefixString.h"; sourceTree = "<group>"; };
		24A43D811025DA28003E6959 /* NSString+DTPrefixString.m */ = {isa = PBXFileReference; fileEncoding = 4; lastKnownFileType = sourcecode.c.objc; path = "NSString+DTPrefixString.m"; sourceTree = "<group>"; };
		24A43D821025DA28003E6959 /* UIDevice+Extras.h */ = {isa = PBXFileReference; fileEncoding = 4; lastKnownFileType = sourcecode.c.h; path = "UIDevice+Extras.h"; sourceTree = "<group>"; };
		24A43D831025DA28003E6959 /* UIDevice+Extras.m */ = {isa = PBXFileReference; fileEncoding = 4; lastKnownFileType = sourcecode.c.objc; path = "UIDevice+Extras.m"; sourceTree = "<group>"; };
		24A43D841025DA28003E6959 /* UILabel+DTCopyLabel.h */ = {isa = PBXFileReference; fileEncoding = 4; lastKnownFileType = sourcecode.c.h; path = "UILabel+DTCopyLabel.h"; sourceTree = "<group>"; };
		24A43D851025DA28003E6959 /* UILabel+DTCopyLabel.m */ = {isa = PBXFileReference; fileEncoding = 4; lastKnownFileType = sourcecode.c.objc; path = "UILabel+DTCopyLabel.m"; sourceTree = "<group>"; };
		24E8FFA815B775CE00240A87 /* click.wav */ = {isa = PBXFileReference; lastKnownFileType = audio.wav; name = click.wav; path = FourgyBundle/click.wav; sourceTree = "<group>"; };
		24F662A91013AF2200437934 /* DTScreenView.xib */ = {isa = PBXFileReference; lastKnownFileType = file.xib; path = DTScreenView.xib; sourceTree = "<group>"; };
		24F96B8910191A0C00829FF9 /* DTPlaybackTimeView.h */ = {isa = PBXFileReference; fileEncoding = 4; lastKnownFileType = sourcecode.c.h; path = DTPlaybackTimeView.h; sourceTree = "<group>"; };
		24F96B8A10191A0C00829FF9 /* DTPlaybackTimeView.m */ = {isa = PBXFileReference; fileEncoding = 4; lastKnownFileType = sourcecode.c.objc; path = DTPlaybackTimeView.m; sourceTree = "<group>"; };
		288765FC0DF74451002DB57D /* CoreGraphics.framework */ = {isa = PBXFileReference; lastKnownFileType = wrapper.framework; name = CoreGraphics.framework; path = System/Library/Frameworks/CoreGraphics.framework; sourceTree = SDKROOT; };
		28AD733E0D9D9553002E5188 /* MainWindow.xib */ = {isa = PBXFileReference; lastKnownFileType = file.xib; path = MainWindow.xib; sourceTree = "<group>"; };
		29B97316FDCFA39411CA2CEA /* main.m */ = {isa = PBXFileReference; fileEncoding = 4; lastKnownFileType = sourcecode.c.objc; path = main.m; sourceTree = "<group>"; };
		32CA4F630368D1EE00C91783 /* iPod_Prefix.pch */ = {isa = PBXFileReference; fileEncoding = 4; lastKnownFileType = sourcecode.c.h; path = iPod_Prefix.pch; sourceTree = "<group>"; };
		8D1107310486CEB800E47090 /* iPod-Info.plist */ = {isa = PBXFileReference; fileEncoding = 4; lastKnownFileType = text.plist.xml; path = "iPod-Info.plist"; plistStructureDefinitionIdentifier = "com.apple.xcode.plist.structure-definition.iphone.info-plist"; sourceTree = "<group>"; };
/* End PBXFileReference section */

/* Begin PBXFrameworksBuildPhase section */
		1D60588F0D05DD3D006BFB54 /* Frameworks */ = {
			isa = PBXFrameworksBuildPhase;
			buildActionMask = 2147483647;
			files = (
				1D60589F0D05DD5A006BFB54 /* Foundation.framework in Frameworks */,
				1DF5F4E00D08C38300B7A737 /* UIKit.framework in Frameworks */,
				288765FD0DF74451002DB57D /* CoreGraphics.framework in Frameworks */,
				241CBDD2100CD11200180B5F /* MediaPlayer.framework in Frameworks */,
				241742A7101B485F009759F2 /* AudioToolbox.framework in Frameworks */,
				2444F3BE102C64470005B1AE /* CoreData.framework in Frameworks */,
			);
			runOnlyForDeploymentPostprocessing = 0;
		};
/* End PBXFrameworksBuildPhase section */

/* Begin PBXGroup section */
		080E96DDFE201D6D7F000001 /* Classes */ = {
			isa = PBXGroup;
			children = (
				2444F7C1102ECF090005B1AE /* List Screens */,
				1D3623240D0F684500981E51 /* iPodAppDelegate.h */,
				1D3623250D0F684500981E51 /* iPodAppDelegate.m */,
				241CB973100BD9E300180B5F /* DTiPodViewController.h */,
				241CB974100BD9E300180B5F /* DTiPodViewController.m */,
				241CB992100BE25C00180B5F /* DTiPodTableViewCell.h */,
				241CB993100BE25C00180B5F /* DTiPodTableViewCell.m */,
				241CBA0E100BEEF200180B5F /* DTiPodBackGroundView.h */,
				241CBA0F100BEEF200180B5F /* DTiPodBackGroundView.m */,
				241CBA31100BF13500180B5F /* DTiPodScreenView.h */,
				241CBA32100BF13500180B5F /* DTiPodScreenView.m */,
				241CBC49100C96A000180B5F /* DTScreenTableViewController.h */,
				241CBC4A100C96A000180B5F /* DTScreenTableViewController.m */,
				241CBCA2100C9B3F00180B5F /* DTiPodNavigationBar.h */,
				241CBCA3100C9B3F00180B5F /* DTiPodNavigationBar.m */,
				241CBF67100D414500180B5F /* DTBatteryLevelView.h */,
				241CBF68100D414500180B5F /* DTBatteryLevelView.m */,
				240821A3100F7460006EDE45 /* DTiPodBlockViewCell.h */,
				240821A4100F7460006EDE45 /* DTiPodBlockViewCell.m */,
				240821B1100F7627006EDE45 /* DTScreenViewController.h */,
				240821B2100F7627006EDE45 /* DTScreenViewController.m */,
				249E45AA101901DF0084B4E2 /* DTPlayingScreenViewController.h */,
				249E45AB101901DF0084B4E2 /* DTPlayingScreenViewController.m */,
				24F96B8910191A0C00829FF9 /* DTPlaybackTimeView.h */,
				24F96B8A10191A0C00829FF9 /* DTPlaybackTimeView.m */,
				248CA51F101C5BCF00B61E2E /* DTiPodBlockScroller.h */,
				248CA520101C5BCF00B61E2E /* DTiPodBlockScroller.m */,
			);
			path = Classes;
			sourceTree = "<group>";
		};
		19C28FACFE9D520D11CA2CBB /* Products */ = {
			isa = PBXGroup;
			children = (
				1D6058910D05DD3D006BFB54 /* Fourgy.app */,
			);
			name = Products;
			sourceTree = "<group>";
		};
		2444F3A6102C5D860005B1AE /* Model */ = {
			isa = PBXGroup;
			children = (
				2444F3A9102C5DB20005B1AE /* DTMusicModel.xcdatamodel */,
				2444F6E1102DFBFF0005B1AE /* Artist.h */,
				2444F6E2102DFBFF0005B1AE /* Artist.m */,
				2444F6E3102DFBFF0005B1AE /* Genre.h */,
				2444F6E4102DFBFF0005B1AE /* Genre.m */,
				2444F6E5102DFBFF0005B1AE /* DataInformation.h */,
				2444F6E6102DFBFF0005B1AE /* DataInformation.m */,
				2444F6E7102DFBFF0005B1AE /* Composer.h */,
				2444F6E8102DFBFF0005B1AE /* Composer.m */,
				2444F6E9102DFBFF0005B1AE /* Song.h */,
				2444F6EA102DFBFF0005B1AE /* Song.m */,
				2444F6EB102DFBFF0005B1AE /* Playlist.h */,
				2444F6EC102DFBFF0005B1AE /* Playlist.m */,
				2444F6ED102DFBFF0005B1AE /* Album.h */,
				2444F6EE102DFBFF0005B1AE /* Album.m */,
				2444F3AD102C63950005B1AE /* DTMusicModelController.h */,
				2444F3AE102C63950005B1AE /* DTMusicModelController.m */,
				2444F6C5102DFB840005B1AE /* Song+Extras.h */,
				2444F6C6102DFB840005B1AE /* Song+Extras.m */,
				2444F7FC102ED6A00005B1AE /* Artist+Extras.h */,
				2444F7FD102ED6A00005B1AE /* Artist+Extras.m */,
				2444F82F102ED87B0005B1AE /* Album+Extras.h */,
				2444F830102ED87B0005B1AE /* Album+Extras.m */,
				2444F877102EDEDB0005B1AE /* Playlist+Extras.h */,
				2444F878102EDEDB0005B1AE /* Playlist+Extras.m */,
				2444F884102EE9D00005B1AE /* Genre+Extras.h */,
				2444F885102EE9D00005B1AE /* Genre+Extras.m */,
			);
			path = Model;
			sourceTree = "<group>";
		};
		2444F7C1102ECF090005B1AE /* List Screens */ = {
			isa = PBXGroup;
			children = (
				2444F7C4102ECF960005B1AE /* DTSongsListViewController.h */,
				2444F7C5102ECF960005B1AE /* DTSongsListViewController.m */,
				2444F7C9102ECFB30005B1AE /* DTListViewController.h */,
				2444F7CA102ECFB30005B1AE /* DTListViewController.m */,
				2444F7CF102ED16A0005B1AE /* DTArtistsListViewController.h */,
				2444F7D0102ED16A0005B1AE /* DTArtistsListViewController.m */,
				2444F7D4102ED2540005B1AE /* DTAlbumsListViewController.h */,
				2444F7D5102ED2540005B1AE /* DTAlbumsListViewController.m */,
				2444F874102EDEAA0005B1AE /* DTPlaylistsListViewController.h */,
				2444F875102EDEAA0005B1AE /* DTPlaylistsListViewController.m */,
				2444F881102EE9520005B1AE /* DTGenresListViewController.h */,
				2444F882102EE9520005B1AE /* DTGenresListViewController.m */,
			);
			path = "List Screens";
			sourceTree = "<group>";
		};
		24A43D5A1025D9E5003E6959 /* DTLabels */ = {
			isa = PBXGroup;
			children = (
				24A43D5D1025D9E5003E6959 /* DTTickingLabel.h */,
				24A43D5E1025D9E5003E6959 /* DTTickingLabel.m */,
			);
			name = DTLabels;
			path = ../DTKit/DTLabels;
			sourceTree = SOURCE_ROOT;
		};
		24A43D611025D9FB003E6959 /* DTBlockView */ = {
			isa = PBXGroup;
			children = (
				24A43D621025D9FB003E6959 /* DTBlockScroller.h */,
				24A43D631025D9FB003E6959 /* DTBlockScroller.m */,
				24A43D641025D9FB003E6959 /* DTBlockView.h */,
				24A43D651025D9FB003E6959 /* DTBlockView.m */,
				24A43D661025D9FB003E6959 /* DTBlockViewCellProtocol.h */,
			);
			name = DTBlockView;
			path = ../DTKit/DTBlockView;
			sourceTree = SOURCE_ROOT;
		};
		24A43D6B1025DA10003E6959 /* DTClickWheel */ = {
			isa = PBXGroup;
			children = (
				24A43D6C1025DA10003E6959 /* DTClickWheelView.h */,
				24A43D6D1025DA10003E6959 /* DTClickWheelView.m */,
			);
			name = DTClickWheel;
			path = ../DTKit/DTClickWheel;
			sourceTree = SOURCE_ROOT;
		};
		24A43D791025DA28003E6959 /* Categories */ = {
			isa = PBXGroup;
			children = (
				24A43D7A1025DA28003E6959 /* MPMediaItem+DTTrackNumber.h */,
				24A43D7B1025DA28003E6959 /* MPMediaItem+DTTrackNumber.m */,
				24A43D7C1025DA28003E6959 /* NSDate+DTComponentExtension.h */,
				24A43D7D1025DA28003E6959 /* NSDate+DTComponentExtension.m */,
				24A43D801025DA28003E6959 /* NSString+DTPrefixString.h */,
				24A43D811025DA28003E6959 /* NSString+DTPrefixString.m */,
				24A43D821025DA28003E6959 /* UIDevice+Extras.h */,
				24A43D831025DA28003E6959 /* UIDevice+Extras.m */,
				24A43D841025DA28003E6959 /* UILabel+DTCopyLabel.h */,
				24A43D851025DA28003E6959 /* UILabel+DTCopyLabel.m */,
			);
			name = Categories;
			path = ../DTKit/Categories;
			sourceTree = SOURCE_ROOT;
		};
		29B97314FDCFA39411CA2CEA /* CustomTemplate */ = {
			isa = PBXGroup;
			children = (
				24A43D791025DA28003E6959 /* Categories */,
				24A43D6B1025DA10003E6959 /* DTClickWheel */,
				24A43D611025D9FB003E6959 /* DTBlockView */,
				24A43D5A1025D9E5003E6959 /* DTLabels */,
				2444F3A6102C5D860005B1AE /* Model */,
				080E96DDFE201D6D7F000001 /* Classes */,
				29B97315FDCFA39411CA2CEA /* Other Sources */,
				29B97317FDCFA39411CA2CEA /* Resources */,
				29B97323FDCFA39411CA2CEA /* Frameworks */,
				19C28FACFE9D520D11CA2CBB /* Products */,
			);
			name = CustomTemplate;
			sourceTree = "<group>";
		};
		29B97315FDCFA39411CA2CEA /* Other Sources */ = {
			isa = PBXGroup;
			children = (
				32CA4F630368D1EE00C91783 /* iPod_Prefix.pch */,
				29B97316FDCFA39411CA2CEA /* main.m */,
			);
			name = "Other Sources";
			sourceTree = "<group>";
		};
		29B97317FDCFA39411CA2CEA /* Resources */ = {
			isa = PBXGroup;
			children = (
				24E8FFA815B775CE00240A87 /* click.wav */,
				244B7BFE101E2C8E0021C335 /* Entitlements.plist */,
				246ADFFF101997B8009FA983 /* Icon.png */,
				241CB99C100BE45800180B5F /* wheel.png */,
				28AD733E0D9D9553002E5188 /* MainWindow.xib */,
				8D1107310486CEB800E47090 /* iPod-Info.plist */,
				241CB978100BDA0700180B5F /* DTiPodView.xib */,
				241CBA79100BFC9000180B5F /* Default.png */,
				241CBEB1100CFEF800180B5F /* MainMenu.plist */,
				241CBEB5100CFF2F00180B5F /* MusicMenu.plist */,
				24F662A91013AF2200437934 /* DTScreenView.xib */,
				249E45A4101900150084B4E2 /* DTPlayingScreenView.xib */,
			);
			name = Resources;
			sourceTree = "<group>";
		};
		29B97323FDCFA39411CA2CEA /* Frameworks */ = {
			isa = PBXGroup;
			children = (
				1DF5F4DF0D08C38300B7A737 /* UIKit.framework */,
				1D30AB110D05D00D00671497 /* Foundation.framework */,
				288765FC0DF74451002DB57D /* CoreGraphics.framework */,
				241CBDD1100CD11200180B5F /* MediaPlayer.framework */,
				241742A6101B485F009759F2 /* AudioToolbox.framework */,
				2444F3BD102C64470005B1AE /* CoreData.framework */,
			);
			name = Frameworks;
			sourceTree = "<group>";
		};
/* End PBXGroup section */

/* Begin PBXNativeTarget section */
		1D6058900D05DD3D006BFB54 /* Fourgy */ = {
			isa = PBXNativeTarget;
			buildConfigurationList = 1D6058960D05DD3E006BFB54 /* Build configuration list for PBXNativeTarget "Fourgy" */;
			buildPhases = (
				1D60588D0D05DD3D006BFB54 /* Resources */,
				1D60588E0D05DD3D006BFB54 /* Sources */,
				1D60588F0D05DD3D006BFB54 /* Frameworks */,
			);
			buildRules = (
			);
			dependencies = (
			);
			name = Fourgy;
			productName = iPod;
			productReference = 1D6058910D05DD3D006BFB54 /* Fourgy.app */;
			productType = "com.apple.product-type.application";
		};
/* End PBXNativeTarget section */

/* Begin PBXProject section */
		29B97313FDCFA39411CA2CEA /* Project object */ = {
			isa = PBXProject;
			buildConfigurationList = C01FCF4E08A954540054247B /* Build configuration list for PBXProject "iPod" */;
			compatibilityVersion = "Xcode 3.1";
			developmentRegion = English;
			hasScannedForEncodings = 1;
			knownRegions = (
				en,
			);
			mainGroup = 29B97314FDCFA39411CA2CEA /* CustomTemplate */;
			projectDirPath = "";
			projectRoot = "";
			targets = (
				1D6058900D05DD3D006BFB54 /* Fourgy */,
			);
		};
/* End PBXProject section */

/* Begin PBXResourcesBuildPhase section */
		1D60588D0D05DD3D006BFB54 /* Resources */ = {
			isa = PBXResourcesBuildPhase;
			buildActionMask = 2147483647;
			files = (
				28AD733F0D9D9553002E5188 /* MainWindow.xib in Resources */,
				241CB979100BDA0700180B5F /* DTiPodView.xib in Resources */,
				241CB99D100BE45800180B5F /* wheel.png in Resources */,
				241CBA7A100BFC9000180B5F /* Default.png in Resources */,
				241CBEB2100CFEF800180B5F /* MainMenu.plist in Resources */,
				241CBEB6100CFF2F00180B5F /* MusicMenu.plist in Resources */,
				24F662AA1013AF2200437934 /* DTScreenView.xib in Resources */,
				249E45A5101900150084B4E2 /* DTPlayingScreenView.xib in Resources */,
				246AE000101997B8009FA983 /* Icon.png in Resources */,
				244B7BFF101E2C8E0021C335 /* Entitlements.plist in Resources */,
				24E8FFA915B775CE00240A87 /* click.wav in Resources */,
			);
			runOnlyForDeploymentPostprocessing = 0;
		};
/* End PBXResourcesBuildPhase section */

/* Begin PBXSourcesBuildPhase section */
		1D60588E0D05DD3D006BFB54 /* Sources */ = {
			isa = PBXSourcesBuildPhase;
			buildActionMask = 2147483647;
			files = (
				1D60589B0D05DD56006BFB54 /* main.m in Sources */,
				1D3623260D0F684500981E51 /* iPodAppDelegate.m in Sources */,
				241CBA10100BEEF200180B5F /* DTiPodBackGroundView.m in Sources */,
				241CBA33100BF13500180B5F /* DTiPodScreenView.m in Sources */,
				241CBCA4100C9B3F00180B5F /* DTiPodNavigationBar.m in Sources */,
				241CBF69100D414500180B5F /* DTBatteryLevelView.m in Sources */,
				240821A5100F7460006EDE45 /* DTiPodBlockViewCell.m in Sources */,
				240821AC100F75D3006EDE45 /* DTiPodViewController.m in Sources */,
				240821B3100F7627006EDE45 /* DTScreenViewController.m in Sources */,
				249E45AC101901DF0084B4E2 /* DTPlayingScreenViewController.m in Sources */,
				24F96B8B10191A0C00829FF9 /* DTPlaybackTimeView.m in Sources */,
				248CA521101C5BCF00B61E2E /* DTiPodBlockScroller.m in Sources */,
				24A43D601025D9E5003E6959 /* DTTickingLabel.m in Sources */,
				24A43D671025D9FB003E6959 /* DTBlockScroller.m in Sources */,
				24A43D681025D9FB003E6959 /* DTBlockView.m in Sources */,
				24A43D6E1025DA10003E6959 /* DTClickWheelView.m in Sources */,
				24A43D861025DA28003E6959 /* MPMediaItem+DTTrackNumber.m in Sources */,
				24A43D871025DA28003E6959 /* NSDate+DTComponentExtension.m in Sources */,
				24A43D891025DA28003E6959 /* NSString+DTPrefixString.m in Sources */,
				24A43D8A1025DA28003E6959 /* UIDevice+Extras.m in Sources */,
				24A43D8B1025DA28003E6959 /* UILabel+DTCopyLabel.m in Sources */,
				2444F3AA102C5DB20005B1AE /* DTMusicModel.xcdatamodel in Sources */,
				2444F3AF102C63950005B1AE /* DTMusicModelController.m in Sources */,
				2444F6C7102DFB840005B1AE /* Song+Extras.m in Sources */,
				2444F6EF102DFBFF0005B1AE /* Artist.m in Sources */,
				2444F6F0102DFBFF0005B1AE /* Genre.m in Sources */,
				2444F6F1102DFBFF0005B1AE /* DataInformation.m in Sources */,
				2444F6F2102DFBFF0005B1AE /* Composer.m in Sources */,
				2444F6F3102DFBFF0005B1AE /* Song.m in Sources */,
				2444F6F4102DFBFF0005B1AE /* Playlist.m in Sources */,
				2444F6F5102DFBFF0005B1AE /* Album.m in Sources */,
				2444F7C6102ECF960005B1AE /* DTSongsListViewController.m in Sources */,
				2444F7CB102ECFB30005B1AE /* DTListViewController.m in Sources */,
				2444F7D1102ED16A0005B1AE /* DTArtistsListViewController.m in Sources */,
				2444F7D6102ED2540005B1AE /* DTAlbumsListViewController.m in Sources */,
				2444F7FE102ED6A00005B1AE /* Artist+Extras.m in Sources */,
				2444F831102ED87B0005B1AE /* Album+Extras.m in Sources */,
				2444F876102EDEAA0005B1AE /* DTPlaylistsListViewController.m in Sources */,
				2444F879102EDEDB0005B1AE /* Playlist+Extras.m in Sources */,
				2444F883102EE9520005B1AE /* DTGenresListViewController.m in Sources */,
				2444F886102EE9D00005B1AE /* Genre+Extras.m in Sources */,
			);
			runOnlyForDeploymentPostprocessing = 0;
		};
/* End PBXSourcesBuildPhase section */

/* Begin XCBuildConfiguration section */
		1D6058940D05DD3E006BFB54 /* Debug */ = {
			isa = XCBuildConfiguration;
			buildSettings = {
				ALWAYS_SEARCH_USER_PATHS = NO;
				CODE_SIGN_IDENTITY = "iPhone Developer";
				"CODE_SIGN_IDENTITY[sdk=iphoneos*]" = "iPhone Developer";
				COPY_PHASE_STRIP = NO;
				GCC_DYNAMIC_NO_PIC = NO;
				GCC_OPTIMIZATION_LEVEL = 0;
				GCC_PRECOMPILE_PREFIX_HEADER = YES;
				GCC_PREFIX_HEADER = iPod_Prefix.pch;
				INFOPLIST_FILE = "iPod-Info.plist";
				PRODUCT_NAME = Fourgy;
				PROVISIONING_PROFILE = "";
				"PROVISIONING_PROFILE[sdk=iphoneos*]" = "";
				SDKROOT = iphoneos;
			};
			name = Debug;
		};
		1D6058950D05DD3E006BFB54 /* Release */ = {
			isa = XCBuildConfiguration;
			buildSettings = {
				ALWAYS_SEARCH_USER_PATHS = NO;
				CODE_SIGN_IDENTITY = "iPhone Developer";
				"CODE_SIGN_IDENTITY[sdk=iphoneos*]" = "iPhone Developer";
				COPY_PHASE_STRIP = YES;
				GCC_PRECOMPILE_PREFIX_HEADER = YES;
				GCC_PREFIX_HEADER = iPod_Prefix.pch;
				INFOPLIST_FILE = "iPod-Info.plist";
				PRODUCT_NAME = Fourgy;
				PROVISIONING_PROFILE = "";
				"PROVISIONING_PROFILE[sdk=iphoneos*]" = "";
				SDKROOT = iphoneos;
			};
			name = Release;
		};
		244B7BE3101E299B0021C335 /* Ad Hoc */ = {
			isa = XCBuildConfiguration;
			buildSettings = {
				ARCHS = "$(ARCHS_STANDARD_32_BIT)";
				CODE_SIGN_ENTITLEMENTS = Entitlements.plist;
				"CODE_SIGN_IDENTITY[sdk=iphoneos*]" = "iPhone Distribution";
				GCC_C_LANGUAGE_STANDARD = c99;
				GCC_WARN_ABOUT_RETURN_TYPE = YES;
				GCC_WARN_UNUSED_VARIABLE = YES;
				PREBINDING = NO;
				"PROVISIONING_PROFILE[sdk=iphoneos*]" = "";
				SDKROOT = iphoneos4.3;
			};
			name = "Ad Hoc";
		};
		244B7BE4101E299B0021C335 /* Ad Hoc */ = {
			isa = XCBuildConfiguration;
			buildSettings = {
				ALWAYS_SEARCH_USER_PATHS = NO;
				"CODE_SIGN_IDENTITY[sdk=iphoneos*]" = "iPhone Distribution";
				COPY_PHASE_STRIP = YES;
				GCC_PRECOMPILE_PREFIX_HEADER = YES;
				GCC_PREFIX_HEADER = iPod_Prefix.pch;
				INFOPLIST_FILE = "iPod-Info.plist";
				PRODUCT_NAME = Fourgy;
				"PROVISIONING_PROFILE[sdk=iphoneos*]" = "";
				SDKROOT = iphoneos;
			};
			name = "Ad Hoc";
		};
		C01FCF4F08A954540054247B /* Debug */ = {
			isa = XCBuildConfiguration;
			buildSettings = {
				ARCHS = "$(ARCHS_STANDARD_32_BIT)";
				CODE_SIGN_IDENTITY = "iPhone Developer: Daniel Tull (PTMQV94ZY6)";
				"CODE_SIGN_IDENTITY[sdk=iphoneos*]" = "iPhone Developer: Daniel Tull (PTMQV94ZY6)";
				GCC_C_LANGUAGE_STANDARD = c99;
				GCC_WARN_ABOUT_RETURN_TYPE = YES;
				GCC_WARN_UNUSED_VARIABLE = YES;
				PREBINDING = NO;
				PROVISIONING_PROFILE = "34F71D08-9229-4ABA-B1D7-8BF9563FC530";
				"PROVISIONING_PROFILE[sdk=iphoneos*]" = "34F71D08-9229-4ABA-B1D7-8BF9563FC530";
				SDKROOT = iphoneos4.3;
			};
			name = Debug;
		};
		C01FCF5008A954540054247B /* Release */ = {
			isa = XCBuildConfiguration;
			buildSettings = {
				ARCHS = "$(ARCHS_STANDARD_32_BIT)";
				CODE_SIGN_IDENTITY = "iPhone Developer: Daniel Tull (PTMQV94ZY6)";
				"CODE_SIGN_IDENTITY[sdk=iphoneos*]" = "iPhone Developer: Daniel Tull (PTMQV94ZY6)";
				GCC_C_LANGUAGE_STANDARD = c99;
				GCC_WARN_ABOUT_RETURN_TYPE = YES;
				GCC_WARN_UNUSED_VARIABLE = YES;
				PREBINDING = NO;
				PROVISIONING_PROFILE = "34F71D08-9229-4ABA-B1D7-8BF9563FC530";
				"PROVISIONING_PROFILE[sdk=iphoneos*]" = "34F71D08-9229-4ABA-B1D7-8BF9563FC530";
				SDKROOT = iphoneos4.3;
			};
			name = Release;
		};
/* End XCBuildConfiguration section */

/* Begin XCConfigurationList section */
		1D6058960D05DD3E006BFB54 /* Build configuration list for PBXNativeTarget "Fourgy" */ = {
			isa = XCConfigurationList;
			buildConfigurations = (
				1D6058940D05DD3E006BFB54 /* Debug */,
				1D6058950D05DD3E006BFB54 /* Release */,
				244B7BE4101E299B0021C335 /* Ad Hoc */,
			);
			defaultConfigurationIsVisible = 0;
			defaultConfigurationName = Release;
		};
		C01FCF4E08A954540054247B /* Build configuration list for PBXProject "iPod" */ = {
			isa = XCConfigurationList;
			buildConfigurations = (
				C01FCF4F08A954540054247B /* Debug */,
				C01FCF5008A954540054247B /* Release */,
				244B7BE3101E299B0021C335 /* Ad Hoc */,
			);
			defaultConfigurationIsVisible = 0;
			defaultConfigurationName = Release;
		};
/* End XCConfigurationList section */
	};
	rootObject = 29B97313FDCFA39411CA2CEA /* Project object */;
}
